<?xml version="1.0" encoding="utf-8"?>
<Project ToolsVersion="4.0" xmlns="http://schemas.microsoft.com/developer/msbuild/2003">
  <ItemGroup>
    <Filter Include="Source Files">
      <UniqueIdentifier>{4FC737F1-C7A5-4376-A066-2A32D752A2FF}</UniqueIdentifier>
      <Extensions>cpp;c;cc;cxx;def;odl;idl;hpj;bat;asm;asmx</Extensions>
    </Filter>
    <Filter Include="Header Files">
      <UniqueIdentifier>{93995380-89BD-4b04-88EB-625FBE52EBFB}</UniqueIdentifier>
      <Extensions>h;hpp;hxx;hm;inl;inc;xsd</Extensions>
    </Filter>
    <Filter Include="Resource Files">
      <UniqueIdentifier>{67DA6AB6-F800-4c08-8B7A-83BB121AAD01}</UniqueIdentifier>
      <Extensions>rc;ico;cur;bmp;dlg;rc2;rct;bin;rgs;gif;jpg;jpeg;jpe;resx;tiff;tif;png;wav;mfcribbon-ms</Extensions>
    </Filter>
    <Filter Include="input">
      <UniqueIdentifier>{155bca1a-df0e-41e3-bc74-487647b94cca}</UniqueIdentifier>
    </Filter>
    <Filter Include="sound">
      <UniqueIdentifier>{9f495976-757f-4bab-a86b-bd1d63ae0219}</UniqueIdentifier>
    </Filter>
    <Filter Include="sound\audiocd">
      <UniqueIdentifier>{478100ae-531f-4a8c-b371-7f75b7394168}</UniqueIdentifier>
    </Filter>
  </ItemGroup>
  <ItemGroup>
    <ClCompile Include="client_main.cpp">
      <Filter>Source Files</Filter>
    </ClCompile>
    <ClCompile Include="..\client\input\keys.cpp">
      <Filter>input</Filter>
    </ClCompile>
    <ClCompile Include="..\client\input\main.cpp">
      <Filter>input</Filter>
    </ClCompile>
    <ClCompile Include="sound\main.cpp">
      <Filter>sound</Filter>
    </ClCompile>
    <ClCompile Include="..\client\sound\audiocd\windows.cpp">
      <Filter>sound\audiocd</Filter>
    </ClCompile>
    <ClCompile Include="..\client\system_windows.cpp">
      <Filter>Source Files</Filter>
    </ClCompile>
    <ClCompile Include="..\client\sound\driver_directsound.cpp">
      <Filter>sound</Filter>
    </ClCompile>
    <ClCompile Include="..\client\sound\mix.cpp">
      <Filter>sound</Filter>
    </ClCompile>
    <ClCompile Include="..\client\sound\memory.cpp">
      <Filter>sound</Filter>
    </ClCompile>
  </ItemGroup>
</Project>