<?xml version="1.0" encoding="utf-8"?>
<Project ToolsVersion="4.0" xmlns="http://schemas.microsoft.com/developer/msbuild/2003">
  <ItemGroup>
    <Filter Include="Source Files">
      <UniqueIdentifier>{4FC737F1-C7A5-4376-A066-2A32D752A2FF}</UniqueIdentifier>
      <Extensions>cpp;c;cc;cxx;def;odl;idl;hpj;bat;asm;asmx</Extensions>
    </Filter>
    <Filter Include="Header Files">
      <UniqueIdentifier>{93995380-89BD-4b04-88EB-625FBE52EBFB}</UniqueIdentifier>
      <Extensions>h;hpp;hxx;hm;inl;inc;xsd</Extensions>
    </Filter>
    <Filter Include="Resource Files">
      <UniqueIdentifier>{67DA6AB6-F800-4c08-8B7A-83BB121AAD01}</UniqueIdentifier>
      <Extensions>rc;ico;cur;bmp;dlg;rc2;rct;bin;rgs;gif;jpg;jpeg;jpe;resx;tiff;tif;png;wav;mfcribbon-ms</Extensions>
    </Filter>
    <Filter Include="input">
      <UniqueIdentifier>{155bca1a-df0e-41e3-bc74-487647b94cca}</UniqueIdentifier>
    </Filter>
    <Filter Include="sound">
      <UniqueIdentifier>{9f495976-757f-4bab-a86b-bd1d63ae0219}</UniqueIdentifier>
    </Filter>
    <Filter Include="sound\audiocd">
      <UniqueIdentifier>{478100ae-531f-4a8c-b371-7f75b7394168}</UniqueIdentifier>
    </Filter>
    <Filter Include="renderer">
      <UniqueIdentifier>{6e056d90-5274-4aa0-8081-afe164440cca}</UniqueIdentifier>
    </Filter>
    <Filter Include="renderer\models">
      <UniqueIdentifier>{15ef832d-2000-4907-b69c-54ece31ce6da}</UniqueIdentifier>
    </Filter>
    <Filter Include="renderer\images">
      <UniqueIdentifier>{6ec52e82-b8b3-44f4-89ff-bc828c4461dc}</UniqueIdentifier>
    </Filter>
    <Filter Include="cinematic">
      <UniqueIdentifier>{b52c2fb7-0ec8-484b-bf83-32c709129a9b}</UniqueIdentifier>
    </Filter>
  </ItemGroup>
  <ItemGroup>
    <ClCompile Include="..\client\input\keys.cpp">
      <Filter>input</Filter>
    </ClCompile>
    <ClCompile Include="..\client\input\main.cpp">
      <Filter>input</Filter>
    </ClCompile>
    <ClCompile Include="..\client\sound\audiocd\windows.cpp">
      <Filter>sound\audiocd</Filter>
    </ClCompile>
    <ClCompile Include="..\client\system_windows.cpp">
      <Filter>Source Files</Filter>
    </ClCompile>
    <ClCompile Include="..\client\sound\driver_directsound.cpp">
      <Filter>sound</Filter>
    </ClCompile>
    <ClCompile Include="..\client\sound\mix.cpp">
      <Filter>sound</Filter>
    </ClCompile>
    <ClCompile Include="..\client\sound\memory.cpp">
      <Filter>sound</Filter>
    </ClCompile>
    <ClCompile Include="..\client\client_main.cpp">
      <Filter>Source Files</Filter>
    </ClCompile>
    <ClCompile Include="..\client\sound\main.cpp">
      <Filter>sound</Filter>
    </ClCompile>
    <ClCompile Include="..\client\input\windows.cpp">
      <Filter>input</Filter>
    </ClCompile>
    <ClCompile Include="..\client\renderer\backend.cpp">
      <Filter>renderer</Filter>
    </ClCompile>
    <ClCompile Include="..\client\renderer\commands.cpp">
      <Filter>renderer</Filter>
    </ClCompile>
    <ClCompile Include="..\client\renderer\curve.cpp">
      <Filter>renderer</Filter>
    </ClCompile>
    <ClCompile Include="..\client\renderer\decals.cpp">
      <Filter>renderer</Filter>
    </ClCompile>
    <ClCompile Include="..\client\renderer\driver_wgl.cpp">
      <Filter>renderer</Filter>
    </ClCompile>
    <ClCompile Include="..\client\renderer\flares.cpp">
      <Filter>renderer</Filter>
    </ClCompile>
    <ClCompile Include="..\client\renderer\font.cpp">
      <Filter>renderer</Filter>
    </ClCompile>
    <ClCompile Include="..\client\renderer\init.cpp">
      <Filter>renderer</Filter>
    </ClCompile>
    <ClCompile Include="..\client\renderer\light.cpp">
      <Filter>renderer</Filter>
    </ClCompile>
    <ClCompile Include="..\client\renderer\main.cpp">
      <Filter>renderer</Filter>
    </ClCompile>
    <ClCompile Include="..\client\renderer\marks.cpp">
      <Filter>renderer</Filter>
    </ClCompile>
    <ClCompile Include="..\client\renderer\noise.cpp">
      <Filter>renderer</Filter>
    </ClCompile>
    <ClCompile Include="..\client\renderer\particle.cpp">
      <Filter>renderer</Filter>
    </ClCompile>
    <ClCompile Include="..\client\renderer\qgl.cpp">
      <Filter>renderer</Filter>
    </ClCompile>
    <ClCompile Include="..\client\renderer\scene.cpp">
      <Filter>renderer</Filter>
    </ClCompile>
    <ClCompile Include="..\client\renderer\screenshot.cpp">
      <Filter>renderer</Filter>
    </ClCompile>
    <ClCompile Include="..\client\renderer\shade.cpp">
      <Filter>renderer</Filter>
    </ClCompile>
    <ClCompile Include="..\client\renderer\shade_calculate.cpp">
      <Filter>renderer</Filter>
    </ClCompile>
    <ClCompile Include="..\client\renderer\shader.cpp">
      <Filter>renderer</Filter>
    </ClCompile>
    <ClCompile Include="..\client\renderer\shadows.cpp">
      <Filter>renderer</Filter>
    </ClCompile>
    <ClCompile Include="..\client\renderer\skin.cpp">
      <Filter>renderer</Filter>
    </ClCompile>
    <ClCompile Include="..\client\renderer\sky.cpp">
      <Filter>renderer</Filter>
    </ClCompile>
    <ClCompile Include="..\client\renderer\state.cpp">
      <Filter>renderer</Filter>
    </ClCompile>
    <ClCompile Include="..\client\renderer\surface1.cpp">
      <Filter>renderer</Filter>
    </ClCompile>
    <ClCompile Include="..\client\renderer\surface2.cpp">
      <Filter>renderer</Filter>
    </ClCompile>
    <ClCompile Include="..\client\renderer\surface3.cpp">
      <Filter>renderer</Filter>
    </ClCompile>
    <ClCompile Include="..\client\renderer\wad.cpp">
      <Filter>renderer</Filter>
    </ClCompile>
    <ClCompile Include="..\client\renderer\world.cpp">
      <Filter>renderer</Filter>
    </ClCompile>
    <ClCompile Include="..\client\renderer\models\bsp29.cpp">
      <Filter>renderer\models</Filter>
    </ClCompile>
    <ClCompile Include="..\client\renderer\models\bsp38.cpp">
      <Filter>renderer\models</Filter>
    </ClCompile>
    <ClCompile Include="..\client\renderer\models\bsp46.cpp">
      <Filter>renderer\models</Filter>
    </ClCompile>
    <ClCompile Include="..\client\renderer\models\md2.cpp">
      <Filter>renderer\models</Filter>
    </ClCompile>
    <ClCompile Include="..\client\renderer\models\md3.cpp">
      <Filter>renderer\models</Filter>
    </ClCompile>
    <ClCompile Include="..\client\renderer\models\md4.cpp">
      <Filter>renderer\models</Filter>
    </ClCompile>
    <ClCompile Include="..\client\renderer\models\mdc.cpp">
      <Filter>renderer\models</Filter>
    </ClCompile>
    <ClCompile Include="..\client\renderer\models\mdl.cpp">
      <Filter>renderer\models</Filter>
    </ClCompile>
    <ClCompile Include="..\client\renderer\models\mdm.cpp">
      <Filter>renderer\models</Filter>
    </ClCompile>
    <ClCompile Include="..\client\renderer\models\mds.cpp">
      <Filter>renderer\models</Filter>
    </ClCompile>
    <ClCompile Include="..\client\renderer\models\model.cpp">
      <Filter>renderer\models</Filter>
    </ClCompile>
    <ClCompile Include="..\client\renderer\models\sp2.cpp">
      <Filter>renderer\models</Filter>
    </ClCompile>
    <ClCompile Include="..\client\renderer\models\spr.cpp">
      <Filter>renderer\models</Filter>
    </ClCompile>
    <ClCompile Include="..\client\renderer\images\bmp.cpp">
      <Filter>renderer\images</Filter>
    </ClCompile>
    <ClCompile Include="..\client\renderer\images\image.cpp">
      <Filter>renderer\images</Filter>
    </ClCompile>
    <ClCompile Include="..\client\renderer\images\jpg.cpp">
      <Filter>renderer\images</Filter>
    </ClCompile>
    <ClCompile Include="..\client\renderer\images\pcx.cpp">
      <Filter>renderer\images</Filter>
    </ClCompile>
    <ClCompile Include="..\client\renderer\images\pic.cpp">
      <Filter>renderer\images</Filter>
    </ClCompile>
    <ClCompile Include="..\client\renderer\images\tga.cpp">
      <Filter>renderer\images</Filter>
    </ClCompile>
    <ClCompile Include="..\client\renderer\images\wal.cpp">
      <Filter>renderer\images</Filter>
    </ClCompile>
    <ClCompile Include="..\client\cinematic\cin.cpp">
      <Filter>cinematic</Filter>
    </ClCompile>
    <ClCompile Include="..\client\cinematic\main.cpp">
      <Filter>cinematic</Filter>
    </ClCompile>
    <ClCompile Include="..\client\cinematic\pcx.cpp">
      <Filter>cinematic</Filter>
    </ClCompile>
    <ClCompile Include="..\client\cinematic\roq.cpp">
      <Filter>cinematic</Filter>
    </ClCompile>
  </ItemGroup>
  <ItemGroup>
    <ClInclude Include="..\client\renderer\cvars.h">
      <Filter>renderer</Filter>
    </ClInclude>
    <ClInclude Include="..\client\renderer\local.h">
      <Filter>renderer</Filter>
    </ClInclude>
    <ClInclude Include="..\client\renderer\public.h">
      <Filter>renderer</Filter>
    </ClInclude>
    <ClInclude Include="..\client\renderer\qgl.h">
      <Filter>renderer</Filter>
    </ClInclude>
    <ClInclude Include="..\client\renderer\qgl_functions.h">
      <Filter>renderer</Filter>
    </ClInclude>
    <ClInclude Include="..\client\renderer\shader.h">
      <Filter>renderer</Filter>
    </ClInclude>
    <ClInclude Include="..\client\renderer\state.h">
      <Filter>renderer</Filter>
    </ClInclude>
    <ClInclude Include="..\client\renderer\models\anorms256.h">
      <Filter>renderer\models</Filter>
    </ClInclude>
    <ClInclude Include="..\client\renderer\models\model.h">
      <Filter>renderer\models</Filter>
    </ClInclude>
    <ClInclude Include="..\client\renderer\models\skeletal_model_inlines.h">
      <Filter>renderer\models</Filter>
    </ClInclude>
    <ClInclude Include="..\client\renderer\images\image.h">
      <Filter>renderer\images</Filter>
    </ClInclude>
    <ClInclude Include="..\client\cinematic\local.h">
      <Filter>cinematic</Filter>
    </ClInclude>
    <ClInclude Include="..\client\cinematic\public.h">
      <Filter>cinematic</Filter>
    </ClInclude>
  </ItemGroup>
</Project>