
Microsoft Visual Studio Solution File, Format Version 10.00
# Visual Studio 2008
Project("{8BC9CEB8-8B4A-11D0-8D11-00A0C91BC942}") = "jlquake", "source\quake\jlquake.vcproj", "{E2087682-C86E-4B66-80FB-3C80D3E6E8CF}"
	ProjectSection(ProjectDependencies) = postProject
		{0E31D872-F284-45B8-B4FD-11009667B854} = {0E31D872-F284-45B8-B4FD-11009667B854}
		{CA073475-D427-41CE-838D-0BCA2FBD443A} = {CA073475-D427-41CE-838D-0BCA2FBD443A}
		{DEDBF7CF-B614-4D3B-A990-71A43294F301} = {DEDBF7CF-B614-4D3B-A990-71A43294F301}
		{E1056FE2-3D8C-4778-B075-F4DA1C35858D} = {E1056FE2-3D8C-4778-B075-F4DA1C35858D}
	EndProjectSection
EndProject
Project("{8BC9CEB8-8B4A-11D0-8D11-00A0C91BC942}") = "jlqwcl", "source\quakeworld\client\jlqwcl.vcproj", "{D4534779-D8AA-4694-8119-7A899AEFA0F3}"
	ProjectSection(ProjectDependencies) = postProject
		{0E31D872-F284-45B8-B4FD-11009667B854} = {0E31D872-F284-45B8-B4FD-11009667B854}
		{CA073475-D427-41CE-838D-0BCA2FBD443A} = {CA073475-D427-41CE-838D-0BCA2FBD443A}
		{E1056FE2-3D8C-4778-B075-F4DA1C35858D} = {E1056FE2-3D8C-4778-B075-F4DA1C35858D}
	EndProjectSection
EndProject
Project("{8BC9CEB8-8B4A-11D0-8D11-00A0C91BC942}") = "jlqwsv", "source\quakeworld\server\jlqwsv.vcproj", "{9083E67D-9909-407C-ABE1-441C5B45C8C6}"
	ProjectSection(ProjectDependencies) = postProject
		{0E31D872-F284-45B8-B4FD-11009667B854} = {0E31D872-F284-45B8-B4FD-11009667B854}
		{CA073475-D427-41CE-838D-0BCA2FBD443A} = {CA073475-D427-41CE-838D-0BCA2FBD443A}
		{DEDBF7CF-B614-4D3B-A990-71A43294F301} = {DEDBF7CF-B614-4D3B-A990-71A43294F301}
	EndProjectSection
EndProject
Project("{8BC9CEB8-8B4A-11D0-8D11-00A0C91BC942}") = "jlhexen2", "source\hexen2\jlhexen2.vcproj", "{0BFA9E1B-695A-485F-916D-86A4A0B5E9D9}"
	ProjectSection(ProjectDependencies) = postProject
		{0E31D872-F284-45B8-B4FD-11009667B854} = {0E31D872-F284-45B8-B4FD-11009667B854}
		{CA073475-D427-41CE-838D-0BCA2FBD443A} = {CA073475-D427-41CE-838D-0BCA2FBD443A}
		{DEDBF7CF-B614-4D3B-A990-71A43294F301} = {DEDBF7CF-B614-4D3B-A990-71A43294F301}
		{E1056FE2-3D8C-4778-B075-F4DA1C35858D} = {E1056FE2-3D8C-4778-B075-F4DA1C35858D}
	EndProjectSection
EndProject
Project("{8BC9CEB8-8B4A-11D0-8D11-00A0C91BC942}") = "jlhwcl", "source\hexenworld\client\jlhwcl.vcproj", "{6B74BF6B-91C6-4FE0-AC05-D0BFC7B5DEF1}"
	ProjectSection(ProjectDependencies) = postProject
		{0E31D872-F284-45B8-B4FD-11009667B854} = {0E31D872-F284-45B8-B4FD-11009667B854}
		{CA073475-D427-41CE-838D-0BCA2FBD443A} = {CA073475-D427-41CE-838D-0BCA2FBD443A}
		{E1056FE2-3D8C-4778-B075-F4DA1C35858D} = {E1056FE2-3D8C-4778-B075-F4DA1C35858D}
	EndProjectSection
EndProject
Project("{8BC9CEB8-8B4A-11D0-8D11-00A0C91BC942}") = "jlhwsv", "source\hexenworld\server\jlhwsv.vcproj", "{3918E6E0-AB3C-4A77-AC60-13AB718DCC1F}"
	ProjectSection(ProjectDependencies) = postProject
		{0E31D872-F284-45B8-B4FD-11009667B854} = {0E31D872-F284-45B8-B4FD-11009667B854}
		{CA073475-D427-41CE-838D-0BCA2FBD443A} = {CA073475-D427-41CE-838D-0BCA2FBD443A}
		{DEDBF7CF-B614-4D3B-A990-71A43294F301} = {DEDBF7CF-B614-4D3B-A990-71A43294F301}
	EndProjectSection
EndProject
Project("{8BC9CEB8-8B4A-11D0-8D11-00A0C91BC942}") = "jlquake2", "source\quake2\jlquake2.vcproj", "{962B0AFF-71F1-42FA-BD82-C30D155709D4}"
	ProjectSection(ProjectDependencies) = postProject
		{0E31D872-F284-45B8-B4FD-11009667B854} = {0E31D872-F284-45B8-B4FD-11009667B854}
		{CA073475-D427-41CE-838D-0BCA2FBD443A} = {CA073475-D427-41CE-838D-0BCA2FBD443A}
		{E1056FE2-3D8C-4778-B075-F4DA1C35858D} = {E1056FE2-3D8C-4778-B075-F4DA1C35858D}
	EndProjectSection
EndProject
Project("{8BC9CEB8-8B4A-11D0-8D11-00A0C91BC942}") = "botlib", "source\quake3\botlib\botlib.vcproj", "{A410161F-AE9F-485D-A01F-5294891430A6}"
	ProjectSection(ProjectDependencies) = postProject
		{0E31D872-F284-45B8-B4FD-11009667B854} = {0E31D872-F284-45B8-B4FD-11009667B854}
	EndProjectSection
EndProject
Project("{8BC9CEB8-8B4A-11D0-8D11-00A0C91BC942}") = "renderer", "source\quake3\renderer\renderer.vcproj", "{AB424155-FBED-4D8D-B007-5B6CF93EA395}"
	ProjectSection(ProjectDependencies) = postProject
		{EF6FDF6A-80E9-4136-8499-67A11C99865D} = {EF6FDF6A-80E9-4136-8499-67A11C99865D}
		{0E31D872-F284-45B8-B4FD-11009667B854} = {0E31D872-F284-45B8-B4FD-11009667B854}
	EndProjectSection
EndProject
Project("{8BC9CEB8-8B4A-11D0-8D11-00A0C91BC942}") = "jlquake3", "source\quake3\jlquake3.vcproj", "{81CB51C4-B434-4E12-B69B-BAEE102F2852}"
	ProjectSection(ProjectDependencies) = postProject
		{A410161F-AE9F-485D-A01F-5294891430A6} = {A410161F-AE9F-485D-A01F-5294891430A6}
		{AB424155-FBED-4D8D-B007-5B6CF93EA395} = {AB424155-FBED-4D8D-B007-5B6CF93EA395}
		{EF6FDF6A-80E9-4136-8499-67A11C99865D} = {EF6FDF6A-80E9-4136-8499-67A11C99865D}
		{0E31D872-F284-45B8-B4FD-11009667B854} = {0E31D872-F284-45B8-B4FD-11009667B854}
		{CA073475-D427-41CE-838D-0BCA2FBD443A} = {CA073475-D427-41CE-838D-0BCA2FBD443A}
		{E1056FE2-3D8C-4778-B075-F4DA1C35858D} = {E1056FE2-3D8C-4778-B075-F4DA1C35858D}
	EndProjectSection
EndProject
Project("{8BC9CEB8-8B4A-11D0-8D11-00A0C91BC942}") = "core", "source\core\core.vcproj", "{0E31D872-F284-45B8-B4FD-11009667B854}"
EndProject
Project("{8BC9CEB8-8B4A-11D0-8D11-00A0C91BC942}") = "zlib", "libs\zlib\zlib.vcproj", "{CA073475-D427-41CE-838D-0BCA2FBD443A}"
EndProject
Project("{8BC9CEB8-8B4A-11D0-8D11-00A0C91BC942}") = "jpeg", "libs\jpeg\jpeg.vcproj", "{EF6FDF6A-80E9-4136-8499-67A11C99865D}"
EndProject
Project("{8BC9CEB8-8B4A-11D0-8D11-00A0C91BC942}") = "client", "source\client\client.vcproj", "{E1056FE2-3D8C-4778-B075-F4DA1C35858D}"
	ProjectSection(ProjectDependencies) = postProject
		{0E31D872-F284-45B8-B4FD-11009667B854} = {0E31D872-F284-45B8-B4FD-11009667B854}
		{6EE5F6D1-8AE5-4489-884E-54F6F0D9572F} = {6EE5F6D1-8AE5-4489-884E-54F6F0D9572F}
	EndProjectSection
EndProject
Project("{8BC9CEB8-8B4A-11D0-8D11-00A0C91BC942}") = "game", "q2game\game\game.vcproj", "{17A995DA-A2BD-4EA5-9A01-8B66B134F4C0}"
EndProject
Project("{8BC9CEB8-8B4A-11D0-8D11-00A0C91BC942}") = "rogue", "q2game\rogue\rogue.vcproj", "{88EA5F30-A86F-4268-A3FC-F93734BA4E7A}"
EndProject
Project("{8BC9CEB8-8B4A-11D0-8D11-00A0C91BC942}") = "xatrix", "q2game\xatrix\xatrix.vcproj", "{B5CD6BDA-3295-40AC-B342-1AA671E2B8C1}"
EndProject
Project("{8BC9CEB8-8B4A-11D0-8D11-00A0C91BC942}") = "progsvm", "source\progsvm\progsvm.vcproj", "{DEDBF7CF-B614-4D3B-A990-71A43294F301}"
EndProject
Project("{8BC9CEB8-8B4A-11D0-8D11-00A0C91BC942}") = "jlquake3ded", "source\quake3\jlquake3ded.vcproj", "{3A6BD840-13BD-4F51-83B0-5E582395B134}"
EndProject
Project("{8BC9CEB8-8B4A-11D0-8D11-00A0C91BC942}") = "jlquake2ded", "source\quake2\jlquake2ded.vcproj", "{C67901ED-51CC-43AD-BA22-E70AF77EF66C}"
EndProject
Project("{8BC9CEB8-8B4A-11D0-8D11-00A0C91BC942}") = "freetype", "libs\freetype\freetype.vcproj", "{6EE5F6D1-8AE5-4489-884E-54F6F0D9572F}"
	ProjectSection(ProjectDependencies) = postProject
		{CA073475-D427-41CE-838D-0BCA2FBD443A} = {CA073475-D427-41CE-838D-0BCA2FBD443A}
	EndProjectSection
EndProject
Global
	GlobalSection(SolutionConfigurationPlatforms) = preSolution
		Debug|Win32 = Debug|Win32
		Release|Win32 = Release|Win32
	EndGlobalSection
	GlobalSection(ProjectConfigurationPlatforms) = postSolution
		{E2087682-C86E-4B66-80FB-3C80D3E6E8CF}.Debug|Win32.ActiveCfg = Debug|Win32
		{E2087682-C86E-4B66-80FB-3C80D3E6E8CF}.Debug|Win32.Build.0 = Debug|Win32
		{E2087682-C86E-4B66-80FB-3C80D3E6E8CF}.Release|Win32.ActiveCfg = Release|Win32
		{E2087682-C86E-4B66-80FB-3C80D3E6E8CF}.Release|Win32.Build.0 = Release|Win32
		{D4534779-D8AA-4694-8119-7A899AEFA0F3}.Debug|Win32.ActiveCfg = Debug|Win32
		{D4534779-D8AA-4694-8119-7A899AEFA0F3}.Debug|Win32.Build.0 = Debug|Win32
		{D4534779-D8AA-4694-8119-7A899AEFA0F3}.Release|Win32.ActiveCfg = Release|Win32
		{D4534779-D8AA-4694-8119-7A899AEFA0F3}.Release|Win32.Build.0 = Release|Win32
		{9083E67D-9909-407C-ABE1-441C5B45C8C6}.Debug|Win32.ActiveCfg = Debug|Win32
		{9083E67D-9909-407C-ABE1-441C5B45C8C6}.Debug|Win32.Build.0 = Debug|Win32
		{9083E67D-9909-407C-ABE1-441C5B45C8C6}.Release|Win32.ActiveCfg = Release|Win32
		{9083E67D-9909-407C-ABE1-441C5B45C8C6}.Release|Win32.Build.0 = Release|Win32
		{0BFA9E1B-695A-485F-916D-86A4A0B5E9D9}.Debug|Win32.ActiveCfg = Debug|Win32
		{0BFA9E1B-695A-485F-916D-86A4A0B5E9D9}.Debug|Win32.Build.0 = Debug|Win32
		{0BFA9E1B-695A-485F-916D-86A4A0B5E9D9}.Release|Win32.ActiveCfg = Release|Win32
		{0BFA9E1B-695A-485F-916D-86A4A0B5E9D9}.Release|Win32.Build.0 = Release|Win32
		{6B74BF6B-91C6-4FE0-AC05-D0BFC7B5DEF1}.Debug|Win32.ActiveCfg = Debug|Win32
		{6B74BF6B-91C6-4FE0-AC05-D0BFC7B5DEF1}.Debug|Win32.Build.0 = Debug|Win32
		{6B74BF6B-91C6-4FE0-AC05-D0BFC7B5DEF1}.Release|Win32.ActiveCfg = Release|Win32
		{6B74BF6B-91C6-4FE0-AC05-D0BFC7B5DEF1}.Release|Win32.Build.0 = Release|Win32
		{3918E6E0-AB3C-4A77-AC60-13AB718DCC1F}.Debug|Win32.ActiveCfg = Debug|Win32
		{3918E6E0-AB3C-4A77-AC60-13AB718DCC1F}.Debug|Win32.Build.0 = Debug|Win32
		{3918E6E0-AB3C-4A77-AC60-13AB718DCC1F}.Release|Win32.ActiveCfg = Release|Win32
		{3918E6E0-AB3C-4A77-AC60-13AB718DCC1F}.Release|Win32.Build.0 = Release|Win32
		{962B0AFF-71F1-42FA-BD82-C30D155709D4}.Debug|Win32.ActiveCfg = Debug|Win32
		{962B0AFF-71F1-42FA-BD82-C30D155709D4}.Debug|Win32.Build.0 = Debug|Win32
		{962B0AFF-71F1-42FA-BD82-C30D155709D4}.Release|Win32.ActiveCfg = Release|Win32
		{962B0AFF-71F1-42FA-BD82-C30D155709D4}.Release|Win32.Build.0 = Release|Win32
		{A410161F-AE9F-485D-A01F-5294891430A6}.Debug|Win32.ActiveCfg = Debug|Win32
		{A410161F-AE9F-485D-A01F-5294891430A6}.Debug|Win32.Build.0 = Debug|Win32
		{A410161F-AE9F-485D-A01F-5294891430A6}.Release|Win32.ActiveCfg = Release|Win32
		{A410161F-AE9F-485D-A01F-5294891430A6}.Release|Win32.Build.0 = Release|Win32
		{AB424155-FBED-4D8D-B007-5B6CF93EA395}.Debug|Win32.ActiveCfg = Debug|Win32
		{AB424155-FBED-4D8D-B007-5B6CF93EA395}.Debug|Win32.Build.0 = Debug|Win32
		{AB424155-FBED-4D8D-B007-5B6CF93EA395}.Release|Win32.ActiveCfg = Release|Win32
		{AB424155-FBED-4D8D-B007-5B6CF93EA395}.Release|Win32.Build.0 = Release|Win32
		{81CB51C4-B434-4E12-B69B-BAEE102F2852}.Debug|Win32.ActiveCfg = Debug|Win32
		{81CB51C4-B434-4E12-B69B-BAEE102F2852}.Debug|Win32.Build.0 = Debug|Win32
		{81CB51C4-B434-4E12-B69B-BAEE102F2852}.Release|Win32.ActiveCfg = Release|Win32
		{81CB51C4-B434-4E12-B69B-BAEE102F2852}.Release|Win32.Build.0 = Release|Win32
		{0E31D872-F284-45B8-B4FD-11009667B854}.Debug|Win32.ActiveCfg = Debug|Win32
		{0E31D872-F284-45B8-B4FD-11009667B854}.Debug|Win32.Build.0 = Debug|Win32
		{0E31D872-F284-45B8-B4FD-11009667B854}.Release|Win32.ActiveCfg = Release|Win32
		{0E31D872-F284-45B8-B4FD-11009667B854}.Release|Win32.Build.0 = Release|Win32
		{CA073475-D427-41CE-838D-0BCA2FBD443A}.Debug|Win32.ActiveCfg = Debug|Win32
		{CA073475-D427-41CE-838D-0BCA2FBD443A}.Debug|Win32.Build.0 = Debug|Win32
		{CA073475-D427-41CE-838D-0BCA2FBD443A}.Release|Win32.ActiveCfg = Release|Win32
		{CA073475-D427-41CE-838D-0BCA2FBD443A}.Release|Win32.Build.0 = Release|Win32
		{EF6FDF6A-80E9-4136-8499-67A11C99865D}.Debug|Win32.ActiveCfg = Debug|Win32
		{EF6FDF6A-80E9-4136-8499-67A11C99865D}.Debug|Win32.Build.0 = Debug|Win32
		{EF6FDF6A-80E9-4136-8499-67A11C99865D}.Release|Win32.ActiveCfg = Release|Win32
		{EF6FDF6A-80E9-4136-8499-67A11C99865D}.Release|Win32.Build.0 = Release|Win32
		{E1056FE2-3D8C-4778-B075-F4DA1C35858D}.Debug|Win32.ActiveCfg = Debug|Win32
		{E1056FE2-3D8C-4778-B075-F4DA1C35858D}.Debug|Win32.Build.0 = Debug|Win32
		{E1056FE2-3D8C-4778-B075-F4DA1C35858D}.Release|Win32.ActiveCfg = Release|Win32
		{E1056FE2-3D8C-4778-B075-F4DA1C35858D}.Release|Win32.Build.0 = Release|Win32
		{17A995DA-A2BD-4EA5-9A01-8B66B134F4C0}.Debug|Win32.ActiveCfg = Debug|Win32
		{17A995DA-A2BD-4EA5-9A01-8B66B134F4C0}.Debug|Win32.Build.0 = Debug|Win32
		{17A995DA-A2BD-4EA5-9A01-8B66B134F4C0}.Release|Win32.ActiveCfg = Release|Win32
		{17A995DA-A2BD-4EA5-9A01-8B66B134F4C0}.Release|Win32.Build.0 = Release|Win32
		{88EA5F30-A86F-4268-A3FC-F93734BA4E7A}.Debug|Win32.ActiveCfg = Debug|Win32
		{88EA5F30-A86F-4268-A3FC-F93734BA4E7A}.Debug|Win32.Build.0 = Debug|Win32
		{88EA5F30-A86F-4268-A3FC-F93734BA4E7A}.Release|Win32.ActiveCfg = Release|Win32
		{88EA5F30-A86F-4268-A3FC-F93734BA4E7A}.Release|Win32.Build.0 = Release|Win32
		{B5CD6BDA-3295-40AC-B342-1AA671E2B8C1}.Debug|Win32.ActiveCfg = Debug|Win32
		{B5CD6BDA-3295-40AC-B342-1AA671E2B8C1}.Debug|Win32.Build.0 = Debug|Win32
		{B5CD6BDA-3295-40AC-B342-1AA671E2B8C1}.Release|Win32.ActiveCfg = Release|Win32
		{B5CD6BDA-3295-40AC-B342-1AA671E2B8C1}.Release|Win32.Build.0 = Release|Win32
		{DEDBF7CF-B614-4D3B-A990-71A43294F301}.Debug|Win32.ActiveCfg = Debug|Win32
		{DEDBF7CF-B614-4D3B-A990-71A43294F301}.Debug|Win32.Build.0 = Debug|Win32
		{DEDBF7CF-B614-4D3B-A990-71A43294F301}.Release|Win32.ActiveCfg = Release|Win32
		{DEDBF7CF-B614-4D3B-A990-71A43294F301}.Release|Win32.Build.0 = Release|Win32
		{3A6BD840-13BD-4F51-83B0-5E582395B134}.Debug|Win32.ActiveCfg = Debug|Win32
		{3A6BD840-13BD-4F51-83B0-5E582395B134}.Debug|Win32.Build.0 = Debug|Win32
		{3A6BD840-13BD-4F51-83B0-5E582395B134}.Release|Win32.ActiveCfg = Release|Win32
		{3A6BD840-13BD-4F51-83B0-5E582395B134}.Release|Win32.Build.0 = Release|Win32
		{C67901ED-51CC-43AD-BA22-E70AF77EF66C}.Debug|Win32.ActiveCfg = Debug|Win32
		{C67901ED-51CC-43AD-BA22-E70AF77EF66C}.Debug|Win32.Build.0 = Debug|Win32
		{C67901ED-51CC-43AD-BA22-E70AF77EF66C}.Release|Win32.ActiveCfg = Release|Win32
		{C67901ED-51CC-43AD-BA22-E70AF77EF66C}.Release|Win32.Build.0 = Release|Win32
		{6EE5F6D1-8AE5-4489-884E-54F6F0D9572F}.Debug|Win32.ActiveCfg = Debug|Win32
		{6EE5F6D1-8AE5-4489-884E-54F6F0D9572F}.Debug|Win32.Build.0 = Debug|Win32
		{6EE5F6D1-8AE5-4489-884E-54F6F0D9572F}.Release|Win32.ActiveCfg = Release|Win32
		{6EE5F6D1-8AE5-4489-884E-54F6F0D9572F}.Release|Win32.Build.0 = Release|Win32
	EndGlobalSection
	GlobalSection(SolutionProperties) = preSolution
		HideSolutionNode = FALSE
	EndGlobalSection
EndGlobal
