
Microsoft Visual Studio Solution File, Format Version 11.00
# Visual Studio 2010
Project("{8BC9CEB8-8B4A-11D0-8D11-00A0C91BC942}") = "jlquake", "source\quake\jlquake.vcxproj", "{E2087682-C86E-4B66-80FB-3C80D3E6E8CF}"
EndProject
Project("{8BC9CEB8-8B4A-11D0-8D11-00A0C91BC942}") = "jlqwcl", "source\quakeworld\client\jlqwcl.vcxproj", "{D4534779-D8AA-4694-8119-7A899AEFA0F3}"
EndProject
Project("{8BC9CEB8-8B4A-11D0-8D11-00A0C91BC942}") = "jlqwsv", "source\quakeworld\server\jlqwsv.vcxproj", "{9083E67D-9909-407C-ABE1-441C5B45C8C6}"
EndProject
Project("{8BC9CEB8-8B4A-11D0-8D11-00A0C91BC942}") = "jlhexen2", "source\hexen2\jlhexen2.vcxproj", "{0BFA9E1B-695A-485F-916D-86A4A0B5E9D9}"
EndProject
Project("{8BC9CEB8-8B4A-11D0-8D11-00A0C91BC942}") = "jlhwcl", "source\hexenworld\client\jlhwcl.vcxproj", "{6B74BF6B-91C6-4FE0-AC05-D0BFC7B5DEF1}"
EndProject
Project("{8BC9CEB8-8B4A-11D0-8D11-00A0C91BC942}") = "jlhwsv", "source\hexenworld\server\jlhwsv.vcxproj", "{3918E6E0-AB3C-4A77-AC60-13AB718DCC1F}"
EndProject
Project("{8BC9CEB8-8B4A-11D0-8D11-00A0C91BC942}") = "jlquake2", "source\quake2\jlquake2.vcxproj", "{962B0AFF-71F1-42FA-BD82-C30D155709D4}"
EndProject
Project("{8BC9CEB8-8B4A-11D0-8D11-00A0C91BC942}") = "botlib", "source\botlib\botlib.vcxproj", "{A410161F-AE9F-485D-A01F-5294891430A6}"
EndProject
Project("{8BC9CEB8-8B4A-11D0-8D11-00A0C91BC942}") = "jlquake3", "source\quake3\jlquake3.vcxproj", "{81CB51C4-B434-4E12-B69B-BAEE102F2852}"
EndProject
Project("{8BC9CEB8-8B4A-11D0-8D11-00A0C91BC942}") = "core", "source\core\core.vcxproj", "{0E31D872-F284-45B8-B4FD-11009667B854}"
EndProject
Project("{8BC9CEB8-8B4A-11D0-8D11-00A0C91BC942}") = "client", "source\client\client.vcxproj", "{E1056FE2-3D8C-4778-B075-F4DA1C35858D}"
EndProject
Project("{8BC9CEB8-8B4A-11D0-8D11-00A0C91BC942}") = "progsvm", "source\progsvm\progsvm.vcxproj", "{DEDBF7CF-B614-4D3B-A990-71A43294F301}"
EndProject
Project("{8BC9CEB8-8B4A-11D0-8D11-00A0C91BC942}") = "jlquake3ded", "source\quake3\jlquake3ded.vcxproj", "{3A6BD840-13BD-4F51-83B0-5E582395B134}"
EndProject
Project("{8BC9CEB8-8B4A-11D0-8D11-00A0C91BC942}") = "jlquake2ded", "source\quake2\jlquake2ded.vcxproj", "{C67901ED-51CC-43AD-BA22-E70AF77EF66C}"
EndProject
Project("{8BC9CEB8-8B4A-11D0-8D11-00A0C91BC942}") = "botlib-wolfsp", "source\rtcw_sp\botlib\botlib-wolfsp.vcxproj", "{86691FDD-E0C6-4D71-9FFD-E0F30F19AA3E}"
EndProject
Project("{8BC9CEB8-8B4A-11D0-8D11-00A0C91BC942}") = "splines-wolfsp", "source\rtcw_sp\splines\splines-wolfsp.vcxproj", "{AA96579B-0F16-4614-8453-0B03C8B39A46}"
EndProject
Project("{8BC9CEB8-8B4A-11D0-8D11-00A0C91BC942}") = "jlwolfsp", "source\rtcw_sp\jlwolfsp.vcxproj", "{47CCBCAD-2A5C-4A70-8504-371F2EC29CBE}"
EndProject
Project("{8BC9CEB8-8B4A-11D0-8D11-00A0C91BC942}") = "botlib-wolfmp", "source\rtcw_mp\botlib\botlib-wolfmp.vcxproj", "{4E5F4E34-0E6A-4200-916F-D33805505B54}"
EndProject
Project("{8BC9CEB8-8B4A-11D0-8D11-00A0C91BC942}") = "splines-wolfmp", "source\rtcw_mp\splines\splines-wolfmp.vcxproj", "{B6842D42-FBA7-4494-A393-802CA7E94351}"
EndProject
Project("{8BC9CEB8-8B4A-11D0-8D11-00A0C91BC942}") = "jlwolfmp", "source\rtcw_mp\jlwolfmp.vcxproj", "{3ACD01D0-DCF1-46A5-A477-7E8524032A02}"
EndProject
Project("{8BC9CEB8-8B4A-11D0-8D11-00A0C91BC942}") = "jlwolfmpded", "source\rtcw_mp\jlwolfmpded.vcxproj", "{C29F4E39-2F51-44F2-AC0D-F9B79C13D47A}"
EndProject
Project("{8BC9CEB8-8B4A-11D0-8D11-00A0C91BC942}") = "botlib-et", "source\enemy_territory\botlib\botlib-et.vcxproj", "{EFA65954-05A8-43C4-B4FE-FAFE8E678AB7}"
EndProject
Project("{8BC9CEB8-8B4A-11D0-8D11-00A0C91BC942}") = "splines-et", "source\enemy_territory\splines\splines-et.vcxproj", "{0C24E6E9-2B9F-43AE-ADB7-B7693966F41E}"
EndProject
Project("{8BC9CEB8-8B4A-11D0-8D11-00A0C91BC942}") = "jlet", "source\enemy_territory\jlet.vcxproj", "{B604B554-38D6-4BC8-9F7F-D6BC8719A653}"
EndProject
Project("{8BC9CEB8-8B4A-11D0-8D11-00A0C91BC942}") = "jletded", "source\enemy_territory\jletded.vcxproj", "{E3B59B92-20E3-485F-BE30-B15E2FAC5E3C}"
EndProject
Global
	GlobalSection(SolutionConfigurationPlatforms) = preSolution
		Debug|Win32 = Debug|Win32
		Debug|x64 = Debug|x64
		Release|Win32 = Release|Win32
		Release|x64 = Release|x64
	EndGlobalSection
	GlobalSection(ProjectConfigurationPlatforms) = postSolution
		{E2087682-C86E-4B66-80FB-3C80D3E6E8CF}.Debug|Win32.ActiveCfg = Debug|Win32
		{E2087682-C86E-4B66-80FB-3C80D3E6E8CF}.Debug|Win32.Build.0 = Debug|Win32
		{E2087682-C86E-4B66-80FB-3C80D3E6E8CF}.Debug|x64.ActiveCfg = Debug|x64
		{E2087682-C86E-4B66-80FB-3C80D3E6E8CF}.Debug|x64.Build.0 = Debug|x64
		{E2087682-C86E-4B66-80FB-3C80D3E6E8CF}.Release|Win32.ActiveCfg = Release|Win32
		{E2087682-C86E-4B66-80FB-3C80D3E6E8CF}.Release|Win32.Build.0 = Release|Win32
		{E2087682-C86E-4B66-80FB-3C80D3E6E8CF}.Release|x64.ActiveCfg = Release|x64
		{E2087682-C86E-4B66-80FB-3C80D3E6E8CF}.Release|x64.Build.0 = Release|x64
		{D4534779-D8AA-4694-8119-7A899AEFA0F3}.Debug|Win32.ActiveCfg = Debug|Win32
		{D4534779-D8AA-4694-8119-7A899AEFA0F3}.Debug|Win32.Build.0 = Debug|Win32
		{D4534779-D8AA-4694-8119-7A899AEFA0F3}.Debug|x64.ActiveCfg = Debug|x64
		{D4534779-D8AA-4694-8119-7A899AEFA0F3}.Debug|x64.Build.0 = Debug|x64
		{D4534779-D8AA-4694-8119-7A899AEFA0F3}.Release|Win32.ActiveCfg = Release|Win32
		{D4534779-D8AA-4694-8119-7A899AEFA0F3}.Release|Win32.Build.0 = Release|Win32
		{D4534779-D8AA-4694-8119-7A899AEFA0F3}.Release|x64.ActiveCfg = Release|x64
		{D4534779-D8AA-4694-8119-7A899AEFA0F3}.Release|x64.Build.0 = Release|x64
		{9083E67D-9909-407C-ABE1-441C5B45C8C6}.Debug|Win32.ActiveCfg = Debug|Win32
		{9083E67D-9909-407C-ABE1-441C5B45C8C6}.Debug|Win32.Build.0 = Debug|Win32
		{9083E67D-9909-407C-ABE1-441C5B45C8C6}.Debug|x64.ActiveCfg = Debug|x64
		{9083E67D-9909-407C-ABE1-441C5B45C8C6}.Debug|x64.Build.0 = Debug|x64
		{9083E67D-9909-407C-ABE1-441C5B45C8C6}.Release|Win32.ActiveCfg = Release|Win32
		{9083E67D-9909-407C-ABE1-441C5B45C8C6}.Release|Win32.Build.0 = Release|Win32
		{9083E67D-9909-407C-ABE1-441C5B45C8C6}.Release|x64.ActiveCfg = Release|x64
		{9083E67D-9909-407C-ABE1-441C5B45C8C6}.Release|x64.Build.0 = Release|x64
		{0BFA9E1B-695A-485F-916D-86A4A0B5E9D9}.Debug|Win32.ActiveCfg = Debug|Win32
		{0BFA9E1B-695A-485F-916D-86A4A0B5E9D9}.Debug|Win32.Build.0 = Debug|Win32
		{0BFA9E1B-695A-485F-916D-86A4A0B5E9D9}.Debug|x64.ActiveCfg = Debug|x64
		{0BFA9E1B-695A-485F-916D-86A4A0B5E9D9}.Debug|x64.Build.0 = Debug|x64
		{0BFA9E1B-695A-485F-916D-86A4A0B5E9D9}.Release|Win32.ActiveCfg = Release|Win32
		{0BFA9E1B-695A-485F-916D-86A4A0B5E9D9}.Release|Win32.Build.0 = Release|Win32
		{0BFA9E1B-695A-485F-916D-86A4A0B5E9D9}.Release|x64.ActiveCfg = Release|x64
		{0BFA9E1B-695A-485F-916D-86A4A0B5E9D9}.Release|x64.Build.0 = Release|x64
		{6B74BF6B-91C6-4FE0-AC05-D0BFC7B5DEF1}.Debug|Win32.ActiveCfg = Debug|Win32
		{6B74BF6B-91C6-4FE0-AC05-D0BFC7B5DEF1}.Debug|Win32.Build.0 = Debug|Win32
		{6B74BF6B-91C6-4FE0-AC05-D0BFC7B5DEF1}.Debug|x64.ActiveCfg = Debug|x64
		{6B74BF6B-91C6-4FE0-AC05-D0BFC7B5DEF1}.Debug|x64.Build.0 = Debug|x64
		{6B74BF6B-91C6-4FE0-AC05-D0BFC7B5DEF1}.Release|Win32.ActiveCfg = Release|Win32
		{6B74BF6B-91C6-4FE0-AC05-D0BFC7B5DEF1}.Release|Win32.Build.0 = Release|Win32
		{6B74BF6B-91C6-4FE0-AC05-D0BFC7B5DEF1}.Release|x64.ActiveCfg = Release|x64
		{6B74BF6B-91C6-4FE0-AC05-D0BFC7B5DEF1}.Release|x64.Build.0 = Release|x64
		{3918E6E0-AB3C-4A77-AC60-13AB718DCC1F}.Debug|Win32.ActiveCfg = Debug|Win32
		{3918E6E0-AB3C-4A77-AC60-13AB718DCC1F}.Debug|Win32.Build.0 = Debug|Win32
		{3918E6E0-AB3C-4A77-AC60-13AB718DCC1F}.Debug|x64.ActiveCfg = Debug|x64
		{3918E6E0-AB3C-4A77-AC60-13AB718DCC1F}.Debug|x64.Build.0 = Debug|x64
		{3918E6E0-AB3C-4A77-AC60-13AB718DCC1F}.Release|Win32.ActiveCfg = Release|Win32
		{3918E6E0-AB3C-4A77-AC60-13AB718DCC1F}.Release|Win32.Build.0 = Release|Win32
		{3918E6E0-AB3C-4A77-AC60-13AB718DCC1F}.Release|x64.ActiveCfg = Release|x64
		{3918E6E0-AB3C-4A77-AC60-13AB718DCC1F}.Release|x64.Build.0 = Release|x64
		{962B0AFF-71F1-42FA-BD82-C30D155709D4}.Debug|Win32.ActiveCfg = Debug|Win32
		{962B0AFF-71F1-42FA-BD82-C30D155709D4}.Debug|Win32.Build.0 = Debug|Win32
		{962B0AFF-71F1-42FA-BD82-C30D155709D4}.Debug|x64.ActiveCfg = Debug|x64
		{962B0AFF-71F1-42FA-BD82-C30D155709D4}.Debug|x64.Build.0 = Debug|x64
		{962B0AFF-71F1-42FA-BD82-C30D155709D4}.Release|Win32.ActiveCfg = Release|Win32
		{962B0AFF-71F1-42FA-BD82-C30D155709D4}.Release|Win32.Build.0 = Release|Win32
		{962B0AFF-71F1-42FA-BD82-C30D155709D4}.Release|x64.ActiveCfg = Release|x64
		{962B0AFF-71F1-42FA-BD82-C30D155709D4}.Release|x64.Build.0 = Release|x64
		{A410161F-AE9F-485D-A01F-5294891430A6}.Debug|Win32.ActiveCfg = Debug|Win32
		{A410161F-AE9F-485D-A01F-5294891430A6}.Debug|Win32.Build.0 = Debug|Win32
		{A410161F-AE9F-485D-A01F-5294891430A6}.Debug|x64.ActiveCfg = Debug|x64
		{A410161F-AE9F-485D-A01F-5294891430A6}.Debug|x64.Build.0 = Debug|x64
		{A410161F-AE9F-485D-A01F-5294891430A6}.Release|Win32.ActiveCfg = Release|Win32
		{A410161F-AE9F-485D-A01F-5294891430A6}.Release|Win32.Build.0 = Release|Win32
		{A410161F-AE9F-485D-A01F-5294891430A6}.Release|x64.ActiveCfg = Release|x64
		{A410161F-AE9F-485D-A01F-5294891430A6}.Release|x64.Build.0 = Release|x64
		{81CB51C4-B434-4E12-B69B-BAEE102F2852}.Debug|Win32.ActiveCfg = Debug|Win32
		{81CB51C4-B434-4E12-B69B-BAEE102F2852}.Debug|Win32.Build.0 = Debug|Win32
		{81CB51C4-B434-4E12-B69B-BAEE102F2852}.Debug|x64.ActiveCfg = Debug|x64
		{81CB51C4-B434-4E12-B69B-BAEE102F2852}.Debug|x64.Build.0 = Debug|x64
		{81CB51C4-B434-4E12-B69B-BAEE102F2852}.Release|Win32.ActiveCfg = Release|Win32
		{81CB51C4-B434-4E12-B69B-BAEE102F2852}.Release|Win32.Build.0 = Release|Win32
		{81CB51C4-B434-4E12-B69B-BAEE102F2852}.Release|x64.ActiveCfg = Release|x64
		{81CB51C4-B434-4E12-B69B-BAEE102F2852}.Release|x64.Build.0 = Release|x64
		{0E31D872-F284-45B8-B4FD-11009667B854}.Debug|Win32.ActiveCfg = Debug|Win32
		{0E31D872-F284-45B8-B4FD-11009667B854}.Debug|Win32.Build.0 = Debug|Win32
		{0E31D872-F284-45B8-B4FD-11009667B854}.Debug|x64.ActiveCfg = Debug|x64
		{0E31D872-F284-45B8-B4FD-11009667B854}.Debug|x64.Build.0 = Debug|x64
		{0E31D872-F284-45B8-B4FD-11009667B854}.Release|Win32.ActiveCfg = Release|Win32
		{0E31D872-F284-45B8-B4FD-11009667B854}.Release|Win32.Build.0 = Release|Win32
		{0E31D872-F284-45B8-B4FD-11009667B854}.Release|x64.ActiveCfg = Release|x64
		{0E31D872-F284-45B8-B4FD-11009667B854}.Release|x64.Build.0 = Release|x64
		{E1056FE2-3D8C-4778-B075-F4DA1C35858D}.Debug|Win32.ActiveCfg = Debug|Win32
		{E1056FE2-3D8C-4778-B075-F4DA1C35858D}.Debug|Win32.Build.0 = Debug|Win32
		{E1056FE2-3D8C-4778-B075-F4DA1C35858D}.Debug|x64.ActiveCfg = Debug|x64
		{E1056FE2-3D8C-4778-B075-F4DA1C35858D}.Debug|x64.Build.0 = Debug|x64
		{E1056FE2-3D8C-4778-B075-F4DA1C35858D}.Release|Win32.ActiveCfg = Release|Win32
		{E1056FE2-3D8C-4778-B075-F4DA1C35858D}.Release|Win32.Build.0 = Release|Win32
		{E1056FE2-3D8C-4778-B075-F4DA1C35858D}.Release|x64.ActiveCfg = Release|x64
		{E1056FE2-3D8C-4778-B075-F4DA1C35858D}.Release|x64.Build.0 = Release|x64
		{DEDBF7CF-B614-4D3B-A990-71A43294F301}.Debug|Win32.ActiveCfg = Debug|Win32
		{DEDBF7CF-B614-4D3B-A990-71A43294F301}.Debug|Win32.Build.0 = Debug|Win32
		{DEDBF7CF-B614-4D3B-A990-71A43294F301}.Debug|x64.ActiveCfg = Debug|x64
		{DEDBF7CF-B614-4D3B-A990-71A43294F301}.Debug|x64.Build.0 = Debug|x64
		{DEDBF7CF-B614-4D3B-A990-71A43294F301}.Release|Win32.ActiveCfg = Release|Win32
		{DEDBF7CF-B614-4D3B-A990-71A43294F301}.Release|Win32.Build.0 = Release|Win32
		{DEDBF7CF-B614-4D3B-A990-71A43294F301}.Release|x64.ActiveCfg = Release|x64
		{DEDBF7CF-B614-4D3B-A990-71A43294F301}.Release|x64.Build.0 = Release|x64
		{3A6BD840-13BD-4F51-83B0-5E582395B134}.Debug|Win32.ActiveCfg = Debug|Win32
		{3A6BD840-13BD-4F51-83B0-5E582395B134}.Debug|Win32.Build.0 = Debug|Win32
		{3A6BD840-13BD-4F51-83B0-5E582395B134}.Debug|x64.ActiveCfg = Debug|x64
		{3A6BD840-13BD-4F51-83B0-5E582395B134}.Debug|x64.Build.0 = Debug|x64
		{3A6BD840-13BD-4F51-83B0-5E582395B134}.Release|Win32.ActiveCfg = Release|Win32
		{3A6BD840-13BD-4F51-83B0-5E582395B134}.Release|Win32.Build.0 = Release|Win32
		{3A6BD840-13BD-4F51-83B0-5E582395B134}.Release|x64.ActiveCfg = Release|x64
		{3A6BD840-13BD-4F51-83B0-5E582395B134}.Release|x64.Build.0 = Release|x64
		{C67901ED-51CC-43AD-BA22-E70AF77EF66C}.Debug|Win32.ActiveCfg = Debug|Win32
		{C67901ED-51CC-43AD-BA22-E70AF77EF66C}.Debug|Win32.Build.0 = Debug|Win32
		{C67901ED-51CC-43AD-BA22-E70AF77EF66C}.Debug|x64.ActiveCfg = Debug|x64
		{C67901ED-51CC-43AD-BA22-E70AF77EF66C}.Debug|x64.Build.0 = Debug|x64
		{C67901ED-51CC-43AD-BA22-E70AF77EF66C}.Release|Win32.ActiveCfg = Release|Win32
		{C67901ED-51CC-43AD-BA22-E70AF77EF66C}.Release|Win32.Build.0 = Release|Win32
		{C67901ED-51CC-43AD-BA22-E70AF77EF66C}.Release|x64.ActiveCfg = Release|x64
		{C67901ED-51CC-43AD-BA22-E70AF77EF66C}.Release|x64.Build.0 = Release|x64
		{86691FDD-E0C6-4D71-9FFD-E0F30F19AA3E}.Debug|Win32.ActiveCfg = Debug|Win32
		{86691FDD-E0C6-4D71-9FFD-E0F30F19AA3E}.Debug|Win32.Build.0 = Debug|Win32
		{86691FDD-E0C6-4D71-9FFD-E0F30F19AA3E}.Debug|x64.ActiveCfg = Debug|x64
		{86691FDD-E0C6-4D71-9FFD-E0F30F19AA3E}.Debug|x64.Build.0 = Debug|x64
		{86691FDD-E0C6-4D71-9FFD-E0F30F19AA3E}.Release|Win32.ActiveCfg = Release|Win32
		{86691FDD-E0C6-4D71-9FFD-E0F30F19AA3E}.Release|Win32.Build.0 = Release|Win32
		{86691FDD-E0C6-4D71-9FFD-E0F30F19AA3E}.Release|x64.ActiveCfg = Release|x64
		{86691FDD-E0C6-4D71-9FFD-E0F30F19AA3E}.Release|x64.Build.0 = Release|x64
		{AA96579B-0F16-4614-8453-0B03C8B39A46}.Debug|Win32.ActiveCfg = Debug|Win32
		{AA96579B-0F16-4614-8453-0B03C8B39A46}.Debug|Win32.Build.0 = Debug|Win32
		{AA96579B-0F16-4614-8453-0B03C8B39A46}.Debug|x64.ActiveCfg = Debug|x64
		{AA96579B-0F16-4614-8453-0B03C8B39A46}.Debug|x64.Build.0 = Debug|x64
		{AA96579B-0F16-4614-8453-0B03C8B39A46}.Release|Win32.ActiveCfg = Release|Win32
		{AA96579B-0F16-4614-8453-0B03C8B39A46}.Release|Win32.Build.0 = Release|Win32
		{AA96579B-0F16-4614-8453-0B03C8B39A46}.Release|x64.ActiveCfg = Release|x64
		{AA96579B-0F16-4614-8453-0B03C8B39A46}.Release|x64.Build.0 = Release|x64
		{47CCBCAD-2A5C-4A70-8504-371F2EC29CBE}.Debug|Win32.ActiveCfg = Debug|Win32
		{47CCBCAD-2A5C-4A70-8504-371F2EC29CBE}.Debug|Win32.Build.0 = Debug|Win32
		{47CCBCAD-2A5C-4A70-8504-371F2EC29CBE}.Debug|x64.ActiveCfg = Debug|x64
		{47CCBCAD-2A5C-4A70-8504-371F2EC29CBE}.Debug|x64.Build.0 = Debug|x64
		{47CCBCAD-2A5C-4A70-8504-371F2EC29CBE}.Release|Win32.ActiveCfg = Release|Win32
		{47CCBCAD-2A5C-4A70-8504-371F2EC29CBE}.Release|Win32.Build.0 = Release|Win32
		{47CCBCAD-2A5C-4A70-8504-371F2EC29CBE}.Release|x64.ActiveCfg = Release|x64
		{47CCBCAD-2A5C-4A70-8504-371F2EC29CBE}.Release|x64.Build.0 = Release|x64
		{4E5F4E34-0E6A-4200-916F-D33805505B54}.Debug|Win32.ActiveCfg = Debug|Win32
		{4E5F4E34-0E6A-4200-916F-D33805505B54}.Debug|Win32.Build.0 = Debug|Win32
		{4E5F4E34-0E6A-4200-916F-D33805505B54}.Debug|x64.ActiveCfg = Debug|x64
		{4E5F4E34-0E6A-4200-916F-D33805505B54}.Debug|x64.Build.0 = Debug|x64
		{4E5F4E34-0E6A-4200-916F-D33805505B54}.Release|Win32.ActiveCfg = Release|Win32
		{4E5F4E34-0E6A-4200-916F-D33805505B54}.Release|Win32.Build.0 = Release|Win32
		{4E5F4E34-0E6A-4200-916F-D33805505B54}.Release|x64.ActiveCfg = Release|x64
		{4E5F4E34-0E6A-4200-916F-D33805505B54}.Release|x64.Build.0 = Release|x64
		{B6842D42-FBA7-4494-A393-802CA7E94351}.Debug|Win32.ActiveCfg = Debug|Win32
		{B6842D42-FBA7-4494-A393-802CA7E94351}.Debug|Win32.Build.0 = Debug|Win32
		{B6842D42-FBA7-4494-A393-802CA7E94351}.Debug|x64.ActiveCfg = Debug|x64
		{B6842D42-FBA7-4494-A393-802CA7E94351}.Debug|x64.Build.0 = Debug|x64
		{B6842D42-FBA7-4494-A393-802CA7E94351}.Release|Win32.ActiveCfg = Release|Win32
		{B6842D42-FBA7-4494-A393-802CA7E94351}.Release|Win32.Build.0 = Release|Win32
		{B6842D42-FBA7-4494-A393-802CA7E94351}.Release|x64.ActiveCfg = Release|x64
		{B6842D42-FBA7-4494-A393-802CA7E94351}.Release|x64.Build.0 = Release|x64
		{3ACD01D0-DCF1-46A5-A477-7E8524032A02}.Debug|Win32.ActiveCfg = Debug|Win32
		{3ACD01D0-DCF1-46A5-A477-7E8524032A02}.Debug|Win32.Build.0 = Debug|Win32
		{3ACD01D0-DCF1-46A5-A477-7E8524032A02}.Debug|x64.ActiveCfg = Debug|x64
		{3ACD01D0-DCF1-46A5-A477-7E8524032A02}.Debug|x64.Build.0 = Debug|x64
		{3ACD01D0-DCF1-46A5-A477-7E8524032A02}.Release|Win32.ActiveCfg = Release|Win32
		{3ACD01D0-DCF1-46A5-A477-7E8524032A02}.Release|Win32.Build.0 = Release|Win32
		{3ACD01D0-DCF1-46A5-A477-7E8524032A02}.Release|x64.ActiveCfg = Release|x64
		{3ACD01D0-DCF1-46A5-A477-7E8524032A02}.Release|x64.Build.0 = Release|x64
		{C29F4E39-2F51-44F2-AC0D-F9B79C13D47A}.Debug|Win32.ActiveCfg = Debug|Win32
		{C29F4E39-2F51-44F2-AC0D-F9B79C13D47A}.Debug|Win32.Build.0 = Debug|Win32
		{C29F4E39-2F51-44F2-AC0D-F9B79C13D47A}.Debug|x64.ActiveCfg = Debug|x64
		{C29F4E39-2F51-44F2-AC0D-F9B79C13D47A}.Debug|x64.Build.0 = Debug|x64
		{C29F4E39-2F51-44F2-AC0D-F9B79C13D47A}.Release|Win32.ActiveCfg = Release|Win32
		{C29F4E39-2F51-44F2-AC0D-F9B79C13D47A}.Release|Win32.Build.0 = Release|Win32
		{C29F4E39-2F51-44F2-AC0D-F9B79C13D47A}.Release|x64.ActiveCfg = Release|x64
		{C29F4E39-2F51-44F2-AC0D-F9B79C13D47A}.Release|x64.Build.0 = Release|x64
		{EFA65954-05A8-43C4-B4FE-FAFE8E678AB7}.Debug|Win32.ActiveCfg = Debug|Win32
		{EFA65954-05A8-43C4-B4FE-FAFE8E678AB7}.Debug|Win32.Build.0 = Debug|Win32
		{EFA65954-05A8-43C4-B4FE-FAFE8E678AB7}.Debug|x64.ActiveCfg = Debug|x64
		{EFA65954-05A8-43C4-B4FE-FAFE8E678AB7}.Debug|x64.Build.0 = Debug|x64
		{EFA65954-05A8-43C4-B4FE-FAFE8E678AB7}.Release|Win32.ActiveCfg = Release|Win32
		{EFA65954-05A8-43C4-B4FE-FAFE8E678AB7}.Release|Win32.Build.0 = Release|Win32
		{EFA65954-05A8-43C4-B4FE-FAFE8E678AB7}.Release|x64.ActiveCfg = Release|x64
		{EFA65954-05A8-43C4-B4FE-FAFE8E678AB7}.Release|x64.Build.0 = Release|x64
		{0C24E6E9-2B9F-43AE-ADB7-B7693966F41E}.Debug|Win32.ActiveCfg = Debug|Win32
		{0C24E6E9-2B9F-43AE-ADB7-B7693966F41E}.Debug|Win32.Build.0 = Debug|Win32
		{0C24E6E9-2B9F-43AE-ADB7-B7693966F41E}.Debug|x64.ActiveCfg = Debug|x64
		{0C24E6E9-2B9F-43AE-ADB7-B7693966F41E}.Debug|x64.Build.0 = Debug|x64
		{0C24E6E9-2B9F-43AE-ADB7-B7693966F41E}.Release|Win32.ActiveCfg = Release|Win32
		{0C24E6E9-2B9F-43AE-ADB7-B7693966F41E}.Release|Win32.Build.0 = Release|Win32
		{0C24E6E9-2B9F-43AE-ADB7-B7693966F41E}.Release|x64.ActiveCfg = Release|x64
		{0C24E6E9-2B9F-43AE-ADB7-B7693966F41E}.Release|x64.Build.0 = Release|x64
		{B604B554-38D6-4BC8-9F7F-D6BC8719A653}.Debug|Win32.ActiveCfg = Debug|Win32
		{B604B554-38D6-4BC8-9F7F-D6BC8719A653}.Debug|Win32.Build.0 = Debug|Win32
		{B604B554-38D6-4BC8-9F7F-D6BC8719A653}.Debug|x64.ActiveCfg = Debug|x64
		{B604B554-38D6-4BC8-9F7F-D6BC8719A653}.Debug|x64.Build.0 = Debug|x64
		{B604B554-38D6-4BC8-9F7F-D6BC8719A653}.Release|Win32.ActiveCfg = Release|Win32
		{B604B554-38D6-4BC8-9F7F-D6BC8719A653}.Release|Win32.Build.0 = Release|Win32
		{B604B554-38D6-4BC8-9F7F-D6BC8719A653}.Release|x64.ActiveCfg = Release|x64
		{B604B554-38D6-4BC8-9F7F-D6BC8719A653}.Release|x64.Build.0 = Release|x64
		{E3B59B92-20E3-485F-BE30-B15E2FAC5E3C}.Debug|Win32.ActiveCfg = Debug|Win32
		{E3B59B92-20E3-485F-BE30-B15E2FAC5E3C}.Debug|Win32.Build.0 = Debug|Win32
		{E3B59B92-20E3-485F-BE30-B15E2FAC5E3C}.Debug|x64.ActiveCfg = Debug|x64
		{E3B59B92-20E3-485F-BE30-B15E2FAC5E3C}.Debug|x64.Build.0 = Debug|x64
		{E3B59B92-20E3-485F-BE30-B15E2FAC5E3C}.Release|Win32.ActiveCfg = Release|Win32
		{E3B59B92-20E3-485F-BE30-B15E2FAC5E3C}.Release|Win32.Build.0 = Release|Win32
		{E3B59B92-20E3-485F-BE30-B15E2FAC5E3C}.Release|x64.ActiveCfg = Release|x64
		{E3B59B92-20E3-485F-BE30-B15E2FAC5E3C}.Release|x64.Build.0 = Release|x64
	EndGlobalSection
	GlobalSection(SolutionProperties) = preSolution
		HideSolutionNode = FALSE
	EndGlobalSection
EndGlobal
