
Microsoft Visual Studio Solution File, Format Version 11.00
# Visual Studio 2010
Project("{8BC9CEB8-8B4A-11D0-8D11-00A0C91BC942}") = "jlquake", "source\quake\jlquake.vcxproj", "{E2087682-C86E-4B66-80FB-3C80D3E6E8CF}"
EndProject
Project("{8BC9CEB8-8B4A-11D0-8D11-00A0C91BC942}") = "jlqwcl", "source\quakeworld\client\jlqwcl.vcxproj", "{D4534779-D8AA-4694-8119-7A899AEFA0F3}"
EndProject
Project("{8BC9CEB8-8B4A-11D0-8D11-00A0C91BC942}") = "jlqwsv", "source\quakeworld\server\jlqwsv.vcxproj", "{9083E67D-9909-407C-ABE1-441C5B45C8C6}"
EndProject
Project("{8BC9CEB8-8B4A-11D0-8D11-00A0C91BC942}") = "jlhexen2", "source\hexen2\jlhexen2.vcxproj", "{0BFA9E1B-695A-485F-916D-86A4A0B5E9D9}"
EndProject
Project("{8BC9CEB8-8B4A-11D0-8D11-00A0C91BC942}") = "jlhwcl", "source\hexenworld\client\jlhwcl.vcxproj", "{6B74BF6B-91C6-4FE0-AC05-D0BFC7B5DEF1}"
EndProject
Project("{8BC9CEB8-8B4A-11D0-8D11-00A0C91BC942}") = "jlhwsv", "source\hexenworld\server\jlhwsv.vcxproj", "{3918E6E0-AB3C-4A77-AC60-13AB718DCC1F}"
EndProject
Project("{8BC9CEB8-8B4A-11D0-8D11-00A0C91BC942}") = "jlquake2", "source\quake2\jlquake2.vcxproj", "{962B0AFF-71F1-42FA-BD82-C30D155709D4}"
EndProject
Project("{8BC9CEB8-8B4A-11D0-8D11-00A0C91BC942}") = "botlib", "source\botlib\botlib.vcxproj", "{A410161F-AE9F-485D-A01F-5294891430A6}"
EndProject
Project("{8BC9CEB8-8B4A-11D0-8D11-00A0C91BC942}") = "jlquake3", "source\quake3\jlquake3.vcxproj", "{81CB51C4-B434-4E12-B69B-BAEE102F2852}"
EndProject
Project("{8BC9CEB8-8B4A-11D0-8D11-00A0C91BC942}") = "core", "source\core\core.vcxproj", "{0E31D872-F284-45B8-B4FD-11009667B854}"
EndProject
Project("{8BC9CEB8-8B4A-11D0-8D11-00A0C91BC942}") = "jpeg", "libs\jpeg\jpeg.vcxproj", "{EF6FDF6A-80E9-4136-8499-67A11C99865D}"
EndProject
Project("{8BC9CEB8-8B4A-11D0-8D11-00A0C91BC942}") = "client", "source\client\client.vcxproj", "{E1056FE2-3D8C-4778-B075-F4DA1C35858D}"
EndProject
Project("{8BC9CEB8-8B4A-11D0-8D11-00A0C91BC942}") = "game", "q2game\game\game.vcxproj", "{17A995DA-A2BD-4EA5-9A01-8B66B134F4C0}"
EndProject
Project("{8BC9CEB8-8B4A-11D0-8D11-00A0C91BC942}") = "rogue", "q2game\rogue\rogue.vcxproj", "{88EA5F30-A86F-4268-A3FC-F93734BA4E7A}"
EndProject
Project("{8BC9CEB8-8B4A-11D0-8D11-00A0C91BC942}") = "xatrix", "q2game\xatrix\xatrix.vcxproj", "{B5CD6BDA-3295-40AC-B342-1AA671E2B8C1}"
EndProject
Project("{8BC9CEB8-8B4A-11D0-8D11-00A0C91BC942}") = "progsvm", "source\progsvm\progsvm.vcxproj", "{DEDBF7CF-B614-4D3B-A990-71A43294F301}"
EndProject
Project("{8BC9CEB8-8B4A-11D0-8D11-00A0C91BC942}") = "jlquake3ded", "source\quake3\jlquake3ded.vcxproj", "{3A6BD840-13BD-4F51-83B0-5E582395B134}"
EndProject
Project("{8BC9CEB8-8B4A-11D0-8D11-00A0C91BC942}") = "jlquake2ded", "source\quake2\jlquake2ded.vcxproj", "{C67901ED-51CC-43AD-BA22-E70AF77EF66C}"
EndProject
Project("{8BC9CEB8-8B4A-11D0-8D11-00A0C91BC942}") = "freetype", "libs\freetype\freetype.vcxproj", "{6EE5F6D1-8AE5-4489-884E-54F6F0D9572F}"
EndProject
Global
	GlobalSection(SolutionConfigurationPlatforms) = preSolution
		Debug|Win32 = Debug|Win32
		Debug|x64 = Debug|x64
		Release|Win32 = Release|Win32
		Release|x64 = Release|x64
	EndGlobalSection
	GlobalSection(ProjectConfigurationPlatforms) = postSolution
		{E2087682-C86E-4B66-80FB-3C80D3E6E8CF}.Debug|Win32.ActiveCfg = Debug|Win32
		{E2087682-C86E-4B66-80FB-3C80D3E6E8CF}.Debug|Win32.Build.0 = Debug|Win32
		{E2087682-C86E-4B66-80FB-3C80D3E6E8CF}.Debug|x64.ActiveCfg = Debug|x64
		{E2087682-C86E-4B66-80FB-3C80D3E6E8CF}.Debug|x64.Build.0 = Debug|x64
		{E2087682-C86E-4B66-80FB-3C80D3E6E8CF}.Release|Win32.ActiveCfg = Release|Win32
		{E2087682-C86E-4B66-80FB-3C80D3E6E8CF}.Release|Win32.Build.0 = Release|Win32
		{E2087682-C86E-4B66-80FB-3C80D3E6E8CF}.Release|x64.ActiveCfg = Release|x64
		{E2087682-C86E-4B66-80FB-3C80D3E6E8CF}.Release|x64.Build.0 = Release|x64
		{D4534779-D8AA-4694-8119-7A899AEFA0F3}.Debug|Win32.ActiveCfg = Debug|Win32
		{D4534779-D8AA-4694-8119-7A899AEFA0F3}.Debug|Win32.Build.0 = Debug|Win32
		{D4534779-D8AA-4694-8119-7A899AEFA0F3}.Debug|x64.ActiveCfg = Debug|x64
		{D4534779-D8AA-4694-8119-7A899AEFA0F3}.Debug|x64.Build.0 = Debug|x64
		{D4534779-D8AA-4694-8119-7A899AEFA0F3}.Release|Win32.ActiveCfg = Release|Win32
		{D4534779-D8AA-4694-8119-7A899AEFA0F3}.Release|Win32.Build.0 = Release|Win32
		{D4534779-D8AA-4694-8119-7A899AEFA0F3}.Release|x64.ActiveCfg = Release|x64
		{D4534779-D8AA-4694-8119-7A899AEFA0F3}.Release|x64.Build.0 = Release|x64
		{9083E67D-9909-407C-ABE1-441C5B45C8C6}.Debug|Win32.ActiveCfg = Debug|Win32
		{9083E67D-9909-407C-ABE1-441C5B45C8C6}.Debug|Win32.Build.0 = Debug|Win32
		{9083E67D-9909-407C-ABE1-441C5B45C8C6}.Debug|x64.ActiveCfg = Debug|x64
		{9083E67D-9909-407C-ABE1-441C5B45C8C6}.Debug|x64.Build.0 = Debug|x64
		{9083E67D-9909-407C-ABE1-441C5B45C8C6}.Release|Win32.ActiveCfg = Release|Win32
		{9083E67D-9909-407C-ABE1-441C5B45C8C6}.Release|Win32.Build.0 = Release|Win32
		{9083E67D-9909-407C-ABE1-441C5B45C8C6}.Release|x64.ActiveCfg = Release|x64
		{9083E67D-9909-407C-ABE1-441C5B45C8C6}.Release|x64.Build.0 = Release|x64
		{0BFA9E1B-695A-485F-916D-86A4A0B5E9D9}.Debug|Win32.ActiveCfg = Debug|Win32
		{0BFA9E1B-695A-485F-916D-86A4A0B5E9D9}.Debug|Win32.Build.0 = Debug|Win32
		{0BFA9E1B-695A-485F-916D-86A4A0B5E9D9}.Debug|x64.ActiveCfg = Debug|x64
		{0BFA9E1B-695A-485F-916D-86A4A0B5E9D9}.Debug|x64.Build.0 = Debug|x64
		{0BFA9E1B-695A-485F-916D-86A4A0B5E9D9}.Release|Win32.ActiveCfg = Release|Win32
		{0BFA9E1B-695A-485F-916D-86A4A0B5E9D9}.Release|Win32.Build.0 = Release|Win32
		{0BFA9E1B-695A-485F-916D-86A4A0B5E9D9}.Release|x64.ActiveCfg = Release|x64
		{0BFA9E1B-695A-485F-916D-86A4A0B5E9D9}.Release|x64.Build.0 = Release|x64
		{6B74BF6B-91C6-4FE0-AC05-D0BFC7B5DEF1}.Debug|Win32.ActiveCfg = Debug|Win32
		{6B74BF6B-91C6-4FE0-AC05-D0BFC7B5DEF1}.Debug|Win32.Build.0 = Debug|Win32
		{6B74BF6B-91C6-4FE0-AC05-D0BFC7B5DEF1}.Debug|x64.ActiveCfg = Debug|x64
		{6B74BF6B-91C6-4FE0-AC05-D0BFC7B5DEF1}.Debug|x64.Build.0 = Debug|x64
		{6B74BF6B-91C6-4FE0-AC05-D0BFC7B5DEF1}.Release|Win32.ActiveCfg = Release|Win32
		{6B74BF6B-91C6-4FE0-AC05-D0BFC7B5DEF1}.Release|Win32.Build.0 = Release|Win32
		{6B74BF6B-91C6-4FE0-AC05-D0BFC7B5DEF1}.Release|x64.ActiveCfg = Release|x64
		{6B74BF6B-91C6-4FE0-AC05-D0BFC7B5DEF1}.Release|x64.Build.0 = Release|x64
		{3918E6E0-AB3C-4A77-AC60-13AB718DCC1F}.Debug|Win32.ActiveCfg = Debug|Win32
		{3918E6E0-AB3C-4A77-AC60-13AB718DCC1F}.Debug|Win32.Build.0 = Debug|Win32
		{3918E6E0-AB3C-4A77-AC60-13AB718DCC1F}.Debug|x64.ActiveCfg = Debug|x64
		{3918E6E0-AB3C-4A77-AC60-13AB718DCC1F}.Debug|x64.Build.0 = Debug|x64
		{3918E6E0-AB3C-4A77-AC60-13AB718DCC1F}.Release|Win32.ActiveCfg = Release|Win32
		{3918E6E0-AB3C-4A77-AC60-13AB718DCC1F}.Release|Win32.Build.0 = Release|Win32
		{3918E6E0-AB3C-4A77-AC60-13AB718DCC1F}.Release|x64.ActiveCfg = Release|x64
		{3918E6E0-AB3C-4A77-AC60-13AB718DCC1F}.Release|x64.Build.0 = Release|x64
		{962B0AFF-71F1-42FA-BD82-C30D155709D4}.Debug|Win32.ActiveCfg = Debug|Win32
		{962B0AFF-71F1-42FA-BD82-C30D155709D4}.Debug|Win32.Build.0 = Debug|Win32
		{962B0AFF-71F1-42FA-BD82-C30D155709D4}.Debug|x64.ActiveCfg = Debug|x64
		{962B0AFF-71F1-42FA-BD82-C30D155709D4}.Debug|x64.Build.0 = Debug|x64
		{962B0AFF-71F1-42FA-BD82-C30D155709D4}.Release|Win32.ActiveCfg = Release|Win32
		{962B0AFF-71F1-42FA-BD82-C30D155709D4}.Release|Win32.Build.0 = Release|Win32
		{962B0AFF-71F1-42FA-BD82-C30D155709D4}.Release|x64.ActiveCfg = Release|x64
		{962B0AFF-71F1-42FA-BD82-C30D155709D4}.Release|x64.Build.0 = Release|x64
		{A410161F-AE9F-485D-A01F-5294891430A6}.Debug|Win32.ActiveCfg = Debug|Win32
		{A410161F-AE9F-485D-A01F-5294891430A6}.Debug|Win32.Build.0 = Debug|Win32
		{A410161F-AE9F-485D-A01F-5294891430A6}.Debug|x64.ActiveCfg = Debug|x64
		{A410161F-AE9F-485D-A01F-5294891430A6}.Debug|x64.Build.0 = Debug|x64
		{A410161F-AE9F-485D-A01F-5294891430A6}.Release|Win32.ActiveCfg = Release|Win32
		{A410161F-AE9F-485D-A01F-5294891430A6}.Release|Win32.Build.0 = Release|Win32
		{A410161F-AE9F-485D-A01F-5294891430A6}.Release|x64.ActiveCfg = Release|x64
		{A410161F-AE9F-485D-A01F-5294891430A6}.Release|x64.Build.0 = Release|x64
		{81CB51C4-B434-4E12-B69B-BAEE102F2852}.Debug|Win32.ActiveCfg = Debug|Win32
		{81CB51C4-B434-4E12-B69B-BAEE102F2852}.Debug|Win32.Build.0 = Debug|Win32
		{81CB51C4-B434-4E12-B69B-BAEE102F2852}.Debug|x64.ActiveCfg = Debug|x64
		{81CB51C4-B434-4E12-B69B-BAEE102F2852}.Debug|x64.Build.0 = Debug|x64
		{81CB51C4-B434-4E12-B69B-BAEE102F2852}.Release|Win32.ActiveCfg = Release|Win32
		{81CB51C4-B434-4E12-B69B-BAEE102F2852}.Release|Win32.Build.0 = Release|Win32
		{81CB51C4-B434-4E12-B69B-BAEE102F2852}.Release|x64.ActiveCfg = Release|x64
		{81CB51C4-B434-4E12-B69B-BAEE102F2852}.Release|x64.Build.0 = Release|x64
		{0E31D872-F284-45B8-B4FD-11009667B854}.Debug|Win32.ActiveCfg = Debug|Win32
		{0E31D872-F284-45B8-B4FD-11009667B854}.Debug|Win32.Build.0 = Debug|Win32
		{0E31D872-F284-45B8-B4FD-11009667B854}.Debug|x64.ActiveCfg = Debug|x64
		{0E31D872-F284-45B8-B4FD-11009667B854}.Debug|x64.Build.0 = Debug|x64
		{0E31D872-F284-45B8-B4FD-11009667B854}.Release|Win32.ActiveCfg = Release|Win32
		{0E31D872-F284-45B8-B4FD-11009667B854}.Release|Win32.Build.0 = Release|Win32
		{0E31D872-F284-45B8-B4FD-11009667B854}.Release|x64.ActiveCfg = Release|x64
		{0E31D872-F284-45B8-B4FD-11009667B854}.Release|x64.Build.0 = Release|x64
		{EF6FDF6A-80E9-4136-8499-67A11C99865D}.Debug|Win32.ActiveCfg = Debug|Win32
		{EF6FDF6A-80E9-4136-8499-67A11C99865D}.Debug|Win32.Build.0 = Debug|Win32
		{EF6FDF6A-80E9-4136-8499-67A11C99865D}.Debug|x64.ActiveCfg = Debug|x64
		{EF6FDF6A-80E9-4136-8499-67A11C99865D}.Debug|x64.Build.0 = Debug|x64
		{EF6FDF6A-80E9-4136-8499-67A11C99865D}.Release|Win32.ActiveCfg = Release|Win32
		{EF6FDF6A-80E9-4136-8499-67A11C99865D}.Release|Win32.Build.0 = Release|Win32
		{EF6FDF6A-80E9-4136-8499-67A11C99865D}.Release|x64.ActiveCfg = Release|x64
		{EF6FDF6A-80E9-4136-8499-67A11C99865D}.Release|x64.Build.0 = Release|x64
		{E1056FE2-3D8C-4778-B075-F4DA1C35858D}.Debug|Win32.ActiveCfg = Debug|Win32
		{E1056FE2-3D8C-4778-B075-F4DA1C35858D}.Debug|Win32.Build.0 = Debug|Win32
		{E1056FE2-3D8C-4778-B075-F4DA1C35858D}.Debug|x64.ActiveCfg = Debug|x64
		{E1056FE2-3D8C-4778-B075-F4DA1C35858D}.Debug|x64.Build.0 = Debug|x64
		{E1056FE2-3D8C-4778-B075-F4DA1C35858D}.Release|Win32.ActiveCfg = Release|Win32
		{E1056FE2-3D8C-4778-B075-F4DA1C35858D}.Release|Win32.Build.0 = Release|Win32
		{E1056FE2-3D8C-4778-B075-F4DA1C35858D}.Release|x64.ActiveCfg = Release|x64
		{E1056FE2-3D8C-4778-B075-F4DA1C35858D}.Release|x64.Build.0 = Release|x64
		{17A995DA-A2BD-4EA5-9A01-8B66B134F4C0}.Debug|Win32.ActiveCfg = Debug|Win32
		{17A995DA-A2BD-4EA5-9A01-8B66B134F4C0}.Debug|Win32.Build.0 = Debug|Win32
		{17A995DA-A2BD-4EA5-9A01-8B66B134F4C0}.Debug|x64.ActiveCfg = Debug|x64
		{17A995DA-A2BD-4EA5-9A01-8B66B134F4C0}.Debug|x64.Build.0 = Debug|x64
		{17A995DA-A2BD-4EA5-9A01-8B66B134F4C0}.Release|Win32.ActiveCfg = Release|Win32
		{17A995DA-A2BD-4EA5-9A01-8B66B134F4C0}.Release|Win32.Build.0 = Release|Win32
		{17A995DA-A2BD-4EA5-9A01-8B66B134F4C0}.Release|x64.ActiveCfg = Release|x64
		{17A995DA-A2BD-4EA5-9A01-8B66B134F4C0}.Release|x64.Build.0 = Release|x64
		{88EA5F30-A86F-4268-A3FC-F93734BA4E7A}.Debug|Win32.ActiveCfg = Debug|Win32
		{88EA5F30-A86F-4268-A3FC-F93734BA4E7A}.Debug|Win32.Build.0 = Debug|Win32
		{88EA5F30-A86F-4268-A3FC-F93734BA4E7A}.Debug|x64.ActiveCfg = Debug|x64
		{88EA5F30-A86F-4268-A3FC-F93734BA4E7A}.Debug|x64.Build.0 = Debug|x64
		{88EA5F30-A86F-4268-A3FC-F93734BA4E7A}.Release|Win32.ActiveCfg = Release|Win32
		{88EA5F30-A86F-4268-A3FC-F93734BA4E7A}.Release|Win32.Build.0 = Release|Win32
		{88EA5F30-A86F-4268-A3FC-F93734BA4E7A}.Release|x64.ActiveCfg = Release|x64
		{88EA5F30-A86F-4268-A3FC-F93734BA4E7A}.Release|x64.Build.0 = Release|x64
		{B5CD6BDA-3295-40AC-B342-1AA671E2B8C1}.Debug|Win32.ActiveCfg = Debug|Win32
		{B5CD6BDA-3295-40AC-B342-1AA671E2B8C1}.Debug|Win32.Build.0 = Debug|Win32
		{B5CD6BDA-3295-40AC-B342-1AA671E2B8C1}.Debug|x64.ActiveCfg = Debug|x64
		{B5CD6BDA-3295-40AC-B342-1AA671E2B8C1}.Debug|x64.Build.0 = Debug|x64
		{B5CD6BDA-3295-40AC-B342-1AA671E2B8C1}.Release|Win32.ActiveCfg = Release|Win32
		{B5CD6BDA-3295-40AC-B342-1AA671E2B8C1}.Release|Win32.Build.0 = Release|Win32
		{B5CD6BDA-3295-40AC-B342-1AA671E2B8C1}.Release|x64.ActiveCfg = Release|x64
		{B5CD6BDA-3295-40AC-B342-1AA671E2B8C1}.Release|x64.Build.0 = Release|x64
		{DEDBF7CF-B614-4D3B-A990-71A43294F301}.Debug|Win32.ActiveCfg = Debug|Win32
		{DEDBF7CF-B614-4D3B-A990-71A43294F301}.Debug|Win32.Build.0 = Debug|Win32
		{DEDBF7CF-B614-4D3B-A990-71A43294F301}.Debug|x64.ActiveCfg = Debug|x64
		{DEDBF7CF-B614-4D3B-A990-71A43294F301}.Debug|x64.Build.0 = Debug|x64
		{DEDBF7CF-B614-4D3B-A990-71A43294F301}.Release|Win32.ActiveCfg = Release|Win32
		{DEDBF7CF-B614-4D3B-A990-71A43294F301}.Release|Win32.Build.0 = Release|Win32
		{DEDBF7CF-B614-4D3B-A990-71A43294F301}.Release|x64.ActiveCfg = Release|x64
		{DEDBF7CF-B614-4D3B-A990-71A43294F301}.Release|x64.Build.0 = Release|x64
		{3A6BD840-13BD-4F51-83B0-5E582395B134}.Debug|Win32.ActiveCfg = Debug|Win32
		{3A6BD840-13BD-4F51-83B0-5E582395B134}.Debug|Win32.Build.0 = Debug|Win32
		{3A6BD840-13BD-4F51-83B0-5E582395B134}.Debug|x64.ActiveCfg = Debug|x64
		{3A6BD840-13BD-4F51-83B0-5E582395B134}.Debug|x64.Build.0 = Debug|x64
		{3A6BD840-13BD-4F51-83B0-5E582395B134}.Release|Win32.ActiveCfg = Release|Win32
		{3A6BD840-13BD-4F51-83B0-5E582395B134}.Release|Win32.Build.0 = Release|Win32
		{3A6BD840-13BD-4F51-83B0-5E582395B134}.Release|x64.ActiveCfg = Release|x64
		{3A6BD840-13BD-4F51-83B0-5E582395B134}.Release|x64.Build.0 = Release|x64
		{C67901ED-51CC-43AD-BA22-E70AF77EF66C}.Debug|Win32.ActiveCfg = Debug|Win32
		{C67901ED-51CC-43AD-BA22-E70AF77EF66C}.Debug|Win32.Build.0 = Debug|Win32
		{C67901ED-51CC-43AD-BA22-E70AF77EF66C}.Debug|x64.ActiveCfg = Debug|x64
		{C67901ED-51CC-43AD-BA22-E70AF77EF66C}.Debug|x64.Build.0 = Debug|x64
		{C67901ED-51CC-43AD-BA22-E70AF77EF66C}.Release|Win32.ActiveCfg = Release|Win32
		{C67901ED-51CC-43AD-BA22-E70AF77EF66C}.Release|Win32.Build.0 = Release|Win32
		{C67901ED-51CC-43AD-BA22-E70AF77EF66C}.Release|x64.ActiveCfg = Release|x64
		{C67901ED-51CC-43AD-BA22-E70AF77EF66C}.Release|x64.Build.0 = Release|x64
		{6EE5F6D1-8AE5-4489-884E-54F6F0D9572F}.Debug|Win32.ActiveCfg = Debug|Win32
		{6EE5F6D1-8AE5-4489-884E-54F6F0D9572F}.Debug|Win32.Build.0 = Debug|Win32
		{6EE5F6D1-8AE5-4489-884E-54F6F0D9572F}.Debug|x64.ActiveCfg = Debug|x64
		{6EE5F6D1-8AE5-4489-884E-54F6F0D9572F}.Debug|x64.Build.0 = Debug|x64
		{6EE5F6D1-8AE5-4489-884E-54F6F0D9572F}.Release|Win32.ActiveCfg = Release|Win32
		{6EE5F6D1-8AE5-4489-884E-54F6F0D9572F}.Release|Win32.Build.0 = Release|Win32
		{6EE5F6D1-8AE5-4489-884E-54F6F0D9572F}.Release|x64.ActiveCfg = Release|x64
		{6EE5F6D1-8AE5-4489-884E-54F6F0D9572F}.Release|x64.Build.0 = Release|x64
	EndGlobalSection
	GlobalSection(SolutionProperties) = preSolution
		HideSolutionNode = FALSE
	EndGlobalSection
EndGlobal
