
Microsoft Visual Studio Solution File, Format Version 10.00
# Visual Studio 2008
Project("{8BC9CEB8-8B4A-11D0-8D11-00A0C91BC942}") = "vquake", "source\quake\vquake.vcproj", "{E2087682-C86E-4B66-80FB-3C80D3E6E8CF}"
	ProjectSection(ProjectDependencies) = postProject
		{0E31D872-F284-45B8-B4FD-11009667B854} = {0E31D872-F284-45B8-B4FD-11009667B854}
		{CA073475-D427-41CE-838D-0BCA2FBD443A} = {CA073475-D427-41CE-838D-0BCA2FBD443A}
	EndProjectSection
EndProject
Project("{8BC9CEB8-8B4A-11D0-8D11-00A0C91BC942}") = "vqwcl", "source\quakeworld\client\vqwcl.vcproj", "{D4534779-D8AA-4694-8119-7A899AEFA0F3}"
	ProjectSection(ProjectDependencies) = postProject
		{0E31D872-F284-45B8-B4FD-11009667B854} = {0E31D872-F284-45B8-B4FD-11009667B854}
		{CA073475-D427-41CE-838D-0BCA2FBD443A} = {CA073475-D427-41CE-838D-0BCA2FBD443A}
	EndProjectSection
EndProject
Project("{8BC9CEB8-8B4A-11D0-8D11-00A0C91BC942}") = "vqwsv", "source\quakeworld\server\vqwsv.vcproj", "{9083E67D-9909-407C-ABE1-441C5B45C8C6}"
	ProjectSection(ProjectDependencies) = postProject
		{0E31D872-F284-45B8-B4FD-11009667B854} = {0E31D872-F284-45B8-B4FD-11009667B854}
		{CA073475-D427-41CE-838D-0BCA2FBD443A} = {CA073475-D427-41CE-838D-0BCA2FBD443A}
	EndProjectSection
EndProject
Project("{8BC9CEB8-8B4A-11D0-8D11-00A0C91BC942}") = "vhexen2", "source\hexen2\vhexen2.vcproj", "{0BFA9E1B-695A-485F-916D-86A4A0B5E9D9}"
	ProjectSection(ProjectDependencies) = postProject
		{0E31D872-F284-45B8-B4FD-11009667B854} = {0E31D872-F284-45B8-B4FD-11009667B854}
		{CA073475-D427-41CE-838D-0BCA2FBD443A} = {CA073475-D427-41CE-838D-0BCA2FBD443A}
	EndProjectSection
EndProject
Project("{8BC9CEB8-8B4A-11D0-8D11-00A0C91BC942}") = "vhwcl", "source\hexenworld\client\vhwcl.vcproj", "{6B74BF6B-91C6-4FE0-AC05-D0BFC7B5DEF1}"
	ProjectSection(ProjectDependencies) = postProject
		{0E31D872-F284-45B8-B4FD-11009667B854} = {0E31D872-F284-45B8-B4FD-11009667B854}
		{CA073475-D427-41CE-838D-0BCA2FBD443A} = {CA073475-D427-41CE-838D-0BCA2FBD443A}
	EndProjectSection
EndProject
Project("{8BC9CEB8-8B4A-11D0-8D11-00A0C91BC942}") = "vhwsv", "source\hexenworld\server\vhwsv.vcproj", "{3918E6E0-AB3C-4A77-AC60-13AB718DCC1F}"
	ProjectSection(ProjectDependencies) = postProject
		{0E31D872-F284-45B8-B4FD-11009667B854} = {0E31D872-F284-45B8-B4FD-11009667B854}
		{CA073475-D427-41CE-838D-0BCA2FBD443A} = {CA073475-D427-41CE-838D-0BCA2FBD443A}
	EndProjectSection
EndProject
Project("{8BC9CEB8-8B4A-11D0-8D11-00A0C91BC942}") = "vquake2", "source\quake2\vquake2.vcproj", "{962B0AFF-71F1-42FA-BD82-C30D155709D4}"
	ProjectSection(ProjectDependencies) = postProject
		{0E31D872-F284-45B8-B4FD-11009667B854} = {0E31D872-F284-45B8-B4FD-11009667B854}
		{CA073475-D427-41CE-838D-0BCA2FBD443A} = {CA073475-D427-41CE-838D-0BCA2FBD443A}
	EndProjectSection
EndProject
Project("{8BC9CEB8-8B4A-11D0-8D11-00A0C91BC942}") = "game", "source\quake2\game\game.vcproj", "{17A995DA-A2BD-4EA5-9A01-8B66B134F4C0}"
EndProject
Project("{8BC9CEB8-8B4A-11D0-8D11-00A0C91BC942}") = "botlib", "source\quake3\botlib\botlib.vcproj", "{A410161F-AE9F-485D-A01F-5294891430A6}"
	ProjectSection(ProjectDependencies) = postProject
		{0E31D872-F284-45B8-B4FD-11009667B854} = {0E31D872-F284-45B8-B4FD-11009667B854}
	EndProjectSection
EndProject
Project("{8BC9CEB8-8B4A-11D0-8D11-00A0C91BC942}") = "renderer", "source\quake3\renderer\renderer.vcproj", "{AB424155-FBED-4D8D-B007-5B6CF93EA395}"
	ProjectSection(ProjectDependencies) = postProject
		{EF6FDF6A-80E9-4136-8499-67A11C99865D} = {EF6FDF6A-80E9-4136-8499-67A11C99865D}
		{0E31D872-F284-45B8-B4FD-11009667B854} = {0E31D872-F284-45B8-B4FD-11009667B854}
	EndProjectSection
EndProject
Project("{8BC9CEB8-8B4A-11D0-8D11-00A0C91BC942}") = "vquake3", "source\quake3\vquake3.vcproj", "{81CB51C4-B434-4E12-B69B-BAEE102F2852}"
	ProjectSection(ProjectDependencies) = postProject
		{A410161F-AE9F-485D-A01F-5294891430A6} = {A410161F-AE9F-485D-A01F-5294891430A6}
		{AB424155-FBED-4D8D-B007-5B6CF93EA395} = {AB424155-FBED-4D8D-B007-5B6CF93EA395}
		{EF6FDF6A-80E9-4136-8499-67A11C99865D} = {EF6FDF6A-80E9-4136-8499-67A11C99865D}
		{0E31D872-F284-45B8-B4FD-11009667B854} = {0E31D872-F284-45B8-B4FD-11009667B854}
		{CA073475-D427-41CE-838D-0BCA2FBD443A} = {CA073475-D427-41CE-838D-0BCA2FBD443A}
	EndProjectSection
EndProject
Project("{8BC9CEB8-8B4A-11D0-8D11-00A0C91BC942}") = "core", "libs\core\core.vcproj", "{0E31D872-F284-45B8-B4FD-11009667B854}"
EndProject
Project("{8BC9CEB8-8B4A-11D0-8D11-00A0C91BC942}") = "zlib", "libs\zlib\zlib.vcproj", "{CA073475-D427-41CE-838D-0BCA2FBD443A}"
EndProject
Project("{8BC9CEB8-8B4A-11D0-8D11-00A0C91BC942}") = "jpeg", "libs\jpeg\jpeg.vcproj", "{EF6FDF6A-80E9-4136-8499-67A11C99865D}"
EndProject
Global
	GlobalSection(SolutionConfigurationPlatforms) = preSolution
		Debug|Win32 = Debug|Win32
		Release|Win32 = Release|Win32
	EndGlobalSection
	GlobalSection(ProjectConfigurationPlatforms) = postSolution
		{E2087682-C86E-4B66-80FB-3C80D3E6E8CF}.Debug|Win32.ActiveCfg = Debug|Win32
		{E2087682-C86E-4B66-80FB-3C80D3E6E8CF}.Debug|Win32.Build.0 = Debug|Win32
		{E2087682-C86E-4B66-80FB-3C80D3E6E8CF}.Release|Win32.ActiveCfg = Release|Win32
		{E2087682-C86E-4B66-80FB-3C80D3E6E8CF}.Release|Win32.Build.0 = Release|Win32
		{D4534779-D8AA-4694-8119-7A899AEFA0F3}.Debug|Win32.ActiveCfg = Debug|Win32
		{D4534779-D8AA-4694-8119-7A899AEFA0F3}.Debug|Win32.Build.0 = Debug|Win32
		{D4534779-D8AA-4694-8119-7A899AEFA0F3}.Release|Win32.ActiveCfg = Release|Win32
		{D4534779-D8AA-4694-8119-7A899AEFA0F3}.Release|Win32.Build.0 = Release|Win32
		{9083E67D-9909-407C-ABE1-441C5B45C8C6}.Debug|Win32.ActiveCfg = Debug|Win32
		{9083E67D-9909-407C-ABE1-441C5B45C8C6}.Debug|Win32.Build.0 = Debug|Win32
		{9083E67D-9909-407C-ABE1-441C5B45C8C6}.Release|Win32.ActiveCfg = Release|Win32
		{9083E67D-9909-407C-ABE1-441C5B45C8C6}.Release|Win32.Build.0 = Release|Win32
		{0BFA9E1B-695A-485F-916D-86A4A0B5E9D9}.Debug|Win32.ActiveCfg = Debug|Win32
		{0BFA9E1B-695A-485F-916D-86A4A0B5E9D9}.Debug|Win32.Build.0 = Debug|Win32
		{0BFA9E1B-695A-485F-916D-86A4A0B5E9D9}.Release|Win32.ActiveCfg = Release|Win32
		{0BFA9E1B-695A-485F-916D-86A4A0B5E9D9}.Release|Win32.Build.0 = Release|Win32
		{6B74BF6B-91C6-4FE0-AC05-D0BFC7B5DEF1}.Debug|Win32.ActiveCfg = Debug|Win32
		{6B74BF6B-91C6-4FE0-AC05-D0BFC7B5DEF1}.Debug|Win32.Build.0 = Debug|Win32
		{6B74BF6B-91C6-4FE0-AC05-D0BFC7B5DEF1}.Release|Win32.ActiveCfg = Release|Win32
		{6B74BF6B-91C6-4FE0-AC05-D0BFC7B5DEF1}.Release|Win32.Build.0 = Release|Win32
		{3918E6E0-AB3C-4A77-AC60-13AB718DCC1F}.Debug|Win32.ActiveCfg = Debug|Win32
		{3918E6E0-AB3C-4A77-AC60-13AB718DCC1F}.Debug|Win32.Build.0 = Debug|Win32
		{3918E6E0-AB3C-4A77-AC60-13AB718DCC1F}.Release|Win32.ActiveCfg = Release|Win32
		{3918E6E0-AB3C-4A77-AC60-13AB718DCC1F}.Release|Win32.Build.0 = Release|Win32
		{962B0AFF-71F1-42FA-BD82-C30D155709D4}.Debug|Win32.ActiveCfg = Debug|Win32
		{962B0AFF-71F1-42FA-BD82-C30D155709D4}.Debug|Win32.Build.0 = Debug|Win32
		{962B0AFF-71F1-42FA-BD82-C30D155709D4}.Release|Win32.ActiveCfg = Release|Win32
		{962B0AFF-71F1-42FA-BD82-C30D155709D4}.Release|Win32.Build.0 = Release|Win32
		{17A995DA-A2BD-4EA5-9A01-8B66B134F4C0}.Debug|Win32.ActiveCfg = Debug|Win32
		{17A995DA-A2BD-4EA5-9A01-8B66B134F4C0}.Debug|Win32.Build.0 = Debug|Win32
		{17A995DA-A2BD-4EA5-9A01-8B66B134F4C0}.Release|Win32.ActiveCfg = Release|Win32
		{17A995DA-A2BD-4EA5-9A01-8B66B134F4C0}.Release|Win32.Build.0 = Release|Win32
		{A410161F-AE9F-485D-A01F-5294891430A6}.Debug|Win32.ActiveCfg = Debug|Win32
		{A410161F-AE9F-485D-A01F-5294891430A6}.Debug|Win32.Build.0 = Debug|Win32
		{A410161F-AE9F-485D-A01F-5294891430A6}.Release|Win32.ActiveCfg = Release|Win32
		{A410161F-AE9F-485D-A01F-5294891430A6}.Release|Win32.Build.0 = Release|Win32
		{AB424155-FBED-4D8D-B007-5B6CF93EA395}.Debug|Win32.ActiveCfg = Debug|Win32
		{AB424155-FBED-4D8D-B007-5B6CF93EA395}.Debug|Win32.Build.0 = Debug|Win32
		{AB424155-FBED-4D8D-B007-5B6CF93EA395}.Release|Win32.ActiveCfg = Release|Win32
		{AB424155-FBED-4D8D-B007-5B6CF93EA395}.Release|Win32.Build.0 = Release|Win32
		{81CB51C4-B434-4E12-B69B-BAEE102F2852}.Debug|Win32.ActiveCfg = Debug|Win32
		{81CB51C4-B434-4E12-B69B-BAEE102F2852}.Debug|Win32.Build.0 = Debug|Win32
		{81CB51C4-B434-4E12-B69B-BAEE102F2852}.Release|Win32.ActiveCfg = Release|Win32
		{81CB51C4-B434-4E12-B69B-BAEE102F2852}.Release|Win32.Build.0 = Release|Win32
		{0E31D872-F284-45B8-B4FD-11009667B854}.Debug|Win32.ActiveCfg = Debug|Win32
		{0E31D872-F284-45B8-B4FD-11009667B854}.Debug|Win32.Build.0 = Debug|Win32
		{0E31D872-F284-45B8-B4FD-11009667B854}.Release|Win32.ActiveCfg = Release|Win32
		{0E31D872-F284-45B8-B4FD-11009667B854}.Release|Win32.Build.0 = Release|Win32
		{CA073475-D427-41CE-838D-0BCA2FBD443A}.Debug|Win32.ActiveCfg = Debug|Win32
		{CA073475-D427-41CE-838D-0BCA2FBD443A}.Debug|Win32.Build.0 = Debug|Win32
		{CA073475-D427-41CE-838D-0BCA2FBD443A}.Release|Win32.ActiveCfg = Release|Win32
		{CA073475-D427-41CE-838D-0BCA2FBD443A}.Release|Win32.Build.0 = Release|Win32
		{EF6FDF6A-80E9-4136-8499-67A11C99865D}.Debug|Win32.ActiveCfg = Debug|Win32
		{EF6FDF6A-80E9-4136-8499-67A11C99865D}.Debug|Win32.Build.0 = Debug|Win32
		{EF6FDF6A-80E9-4136-8499-67A11C99865D}.Release|Win32.ActiveCfg = Release|Win32
		{EF6FDF6A-80E9-4136-8499-67A11C99865D}.Release|Win32.Build.0 = Release|Win32
	EndGlobalSection
	GlobalSection(SolutionProperties) = preSolution
		HideSolutionNode = FALSE
	EndGlobalSection
EndGlobal
