<?xml version="1.0" encoding="utf-8"?>
<Project ToolsVersion="4.0" xmlns="http://schemas.microsoft.com/developer/msbuild/2003">
  <ItemGroup>
    <Filter Include="Source Files">
      <UniqueIdentifier>{4273ebbd-4d2e-438e-8323-1181f39cc19a}</UniqueIdentifier>
      <Extensions>cpp;c;cxx;rc;def;r;odl;hpj;bat;for;f90</Extensions>
    </Filter>
    <Filter Include="Header Files">
      <UniqueIdentifier>{70aa6843-7149-4038-a4f3-9c6c038a62fe}</UniqueIdentifier>
      <Extensions>h;hpp;hxx;hm;inl;fi;fd</Extensions>
    </Filter>
    <Filter Include="Resource Files">
      <UniqueIdentifier>{bd0b53d6-7000-49ae-a2ad-50ac3870e554}</UniqueIdentifier>
      <Extensions>ico;cur;bmp;dlg;rc2;rct;bin;cnt;rtf;gif;jpg;jpeg;jpe</Extensions>
    </Filter>
  </ItemGroup>
  <ItemGroup>
    <ClCompile Include="..\client\cmd.cpp">
      <Filter>Source Files</Filter>
    </ClCompile>
    <ClCompile Include="..\client\common.cpp">
      <Filter>Source Files</Filter>
    </ClCompile>
    <ClCompile Include="..\client\cvar.cpp">
      <Filter>Source Files</Filter>
    </ClCompile>
    <ClCompile Include="..\client\net_chan.cpp">
      <Filter>Source Files</Filter>
    </ClCompile>
    <ClCompile Include="..\client\pmove.cpp">
      <Filter>Source Files</Filter>
    </ClCompile>
    <ClCompile Include="pr_cmds.cpp">
      <Filter>Source Files</Filter>
    </ClCompile>
    <ClCompile Include="pr_edict.cpp">
      <Filter>Source Files</Filter>
    </ClCompile>
    <ClCompile Include="pr_exec.cpp">
      <Filter>Source Files</Filter>
    </ClCompile>
    <ClCompile Include="..\client\strings.cpp">
      <Filter>Source Files</Filter>
    </ClCompile>
    <ClCompile Include="sv_ccmds.cpp">
      <Filter>Source Files</Filter>
    </ClCompile>
    <ClCompile Include="sv_effect.cpp">
      <Filter>Source Files</Filter>
    </ClCompile>
    <ClCompile Include="sv_ents.cpp">
      <Filter>Source Files</Filter>
    </ClCompile>
    <ClCompile Include="sv_init.cpp">
      <Filter>Source Files</Filter>
    </ClCompile>
    <ClCompile Include="sv_main.cpp">
      <Filter>Source Files</Filter>
    </ClCompile>
    <ClCompile Include="sv_move.cpp">
      <Filter>Source Files</Filter>
    </ClCompile>
    <ClCompile Include="sv_phys.cpp">
      <Filter>Source Files</Filter>
    </ClCompile>
    <ClCompile Include="sv_send.cpp">
      <Filter>Source Files</Filter>
    </ClCompile>
    <ClCompile Include="sv_user.cpp">
      <Filter>Source Files</Filter>
    </ClCompile>
    <ClCompile Include="sys_win.cpp">
      <Filter>Source Files</Filter>
    </ClCompile>
    <ClCompile Include="world.cpp">
      <Filter>Source Files</Filter>
    </ClCompile>
    <ClCompile Include="..\client\zone.cpp">
      <Filter>Source Files</Filter>
    </ClCompile>
  </ItemGroup>
  <ItemGroup>
    <ClInclude Include="pr_comp.h">
      <Filter>Header Files</Filter>
    </ClInclude>
    <ClInclude Include="progdefs.h">
      <Filter>Header Files</Filter>
    </ClInclude>
    <ClInclude Include="progs.h">
      <Filter>Header Files</Filter>
    </ClInclude>
    <ClInclude Include="qwsvdef.h">
      <Filter>Header Files</Filter>
    </ClInclude>
    <ClInclude Include="server.h">
      <Filter>Header Files</Filter>
    </ClInclude>
    <ClInclude Include="sys.h">
      <Filter>Header Files</Filter>
    </ClInclude>
    <ClInclude Include="world.h">
      <Filter>Header Files</Filter>
    </ClInclude>
  </ItemGroup>
</Project>