<?xml version="1.0" encoding="utf-8"?>
<Project ToolsVersion="4.0" xmlns="http://schemas.microsoft.com/developer/msbuild/2003">
  <ItemGroup>
    <Filter Include="Source Files">
      <UniqueIdentifier>{4c10f483-1d81-4271-a067-2413b1d6b4cd}</UniqueIdentifier>
      <Extensions>cpp;c;cxx;rc;def;r;odl;hpj;bat;for;f90</Extensions>
    </Filter>
    <Filter Include="Header Files">
      <UniqueIdentifier>{067d71eb-23d1-42d1-accc-2de8e84e49c4}</UniqueIdentifier>
      <Extensions>h;hpp;hxx;hm;inl;fi;fd</Extensions>
    </Filter>
  </ItemGroup>
  <ItemGroup>
    <ClCompile Include="client\cl_cgame.cpp">
      <Filter>Source Files</Filter>
    </ClCompile>
    <ClCompile Include="client\cl_cin.cpp">
      <Filter>Source Files</Filter>
    </ClCompile>
    <ClCompile Include="client\cl_console.cpp">
      <Filter>Source Files</Filter>
    </ClCompile>
    <ClCompile Include="client\cl_input.cpp">
      <Filter>Source Files</Filter>
    </ClCompile>
    <ClCompile Include="client\cl_keys.cpp">
      <Filter>Source Files</Filter>
    </ClCompile>
    <ClCompile Include="client\cl_main.cpp">
      <Filter>Source Files</Filter>
    </ClCompile>
    <ClCompile Include="client\cl_net_chan.cpp">
      <Filter>Source Files</Filter>
    </ClCompile>
    <ClCompile Include="client\cl_parse.cpp">
      <Filter>Source Files</Filter>
    </ClCompile>
    <ClCompile Include="client\cl_scrn.cpp">
      <Filter>Source Files</Filter>
    </ClCompile>
    <ClCompile Include="client\cl_ui.cpp">
      <Filter>Source Files</Filter>
    </ClCompile>
    <ClCompile Include="qcommon\cmd.cpp">
      <Filter>Source Files</Filter>
    </ClCompile>
    <ClCompile Include="qcommon\common.cpp">
      <Filter>Source Files</Filter>
    </ClCompile>
    <ClCompile Include="qcommon\cvar.cpp">
      <Filter>Source Files</Filter>
    </ClCompile>
    <ClCompile Include="qcommon\files.cpp">
      <Filter>Source Files</Filter>
    </ClCompile>
    <ClCompile Include="qcommon\msg.cpp">
      <Filter>Source Files</Filter>
    </ClCompile>
    <ClCompile Include="qcommon\net_chan.cpp">
      <Filter>Source Files</Filter>
    </ClCompile>
    <ClCompile Include="game\q_math.cpp">
      <Filter>Source Files</Filter>
    </ClCompile>
    <ClCompile Include="game\q_shared.cpp">
      <Filter>Source Files</Filter>
    </ClCompile>
    <ClCompile Include="client\snd_dma.cpp">
      <Filter>Source Files</Filter>
    </ClCompile>
    <ClCompile Include="server\sv_bot.cpp">
      <Filter>Source Files</Filter>
    </ClCompile>
    <ClCompile Include="server\sv_ccmds.cpp">
      <Filter>Source Files</Filter>
    </ClCompile>
    <ClCompile Include="server\sv_client.cpp">
      <Filter>Source Files</Filter>
    </ClCompile>
    <ClCompile Include="server\sv_game.cpp">
      <Filter>Source Files</Filter>
    </ClCompile>
    <ClCompile Include="server\sv_init.cpp">
      <Filter>Source Files</Filter>
    </ClCompile>
    <ClCompile Include="server\sv_main.cpp">
      <Filter>Source Files</Filter>
    </ClCompile>
    <ClCompile Include="server\sv_net_chan.cpp">
      <Filter>Source Files</Filter>
    </ClCompile>
    <ClCompile Include="server\sv_snapshot.cpp">
      <Filter>Source Files</Filter>
    </ClCompile>
    <ClCompile Include="server\sv_world.cpp">
      <Filter>Source Files</Filter>
    </ClCompile>
    <ClCompile Include="qcommon\vm.cpp">
      <Filter>Source Files</Filter>
    </ClCompile>
    <ClCompile Include="win32\win_main.cpp">
      <Filter>Source Files</Filter>
    </ClCompile>
    <ClCompile Include="win32\win_shared.cpp">
      <Filter>Source Files</Filter>
    </ClCompile>
  </ItemGroup>
  <ItemGroup>
    <ClInclude Include="game\bg_public.h">
      <Filter>Header Files</Filter>
    </ClInclude>
    <ClInclude Include="botai\botai.h">
      <Filter>Header Files</Filter>
    </ClInclude>
    <ClInclude Include="game\botlib.h">
      <Filter>Header Files</Filter>
    </ClInclude>
    <ClInclude Include="cgame\cg_public.h">
      <Filter>Header Files</Filter>
    </ClInclude>
    <ClInclude Include="client\client.h">
      <Filter>Header Files</Filter>
    </ClInclude>
    <ClInclude Include="game\g_public.h">
      <Filter>Header Files</Filter>
    </ClInclude>
    <ClInclude Include="client\keys.h">
      <Filter>Header Files</Filter>
    </ClInclude>
    <ClInclude Include="game\q_shared.h">
      <Filter>Header Files</Filter>
    </ClInclude>
    <ClInclude Include="qcommon\qcommon.h">
      <Filter>Header Files</Filter>
    </ClInclude>
    <ClInclude Include="qcommon\qfiles.h">
      <Filter>Header Files</Filter>
    </ClInclude>
    <ClInclude Include="renderer\qgl.h">
      <Filter>Header Files</Filter>
    </ClInclude>
    <ClInclude Include="server\server.h">
      <Filter>Header Files</Filter>
    </ClInclude>
    <ClInclude Include="game\surfaceflags.h">
      <Filter>Header Files</Filter>
    </ClInclude>
    <ClInclude Include="renderer\tr_local.h">
      <Filter>Header Files</Filter>
    </ClInclude>
    <ClInclude Include="renderer\tr_public.h">
      <Filter>Header Files</Filter>
    </ClInclude>
    <ClInclude Include="cgame\tr_types.h">
      <Filter>Header Files</Filter>
    </ClInclude>
    <ClInclude Include="ui\ui_public.h">
      <Filter>Header Files</Filter>
    </ClInclude>
    <ClInclude Include="win32\win_local.h">
      <Filter>Header Files</Filter>
    </ClInclude>
  </ItemGroup>
</Project>