Microsoft Visual Studio Solution File, Format Version 11.00
# Visual Studio 2010
Project("{8BC9CEB8-8B4A-11D0-8D11-00A0C91BC942}") = "splines-wolfmp", "splines\splines-wolfmp.vcxproj", "{B6842D42-FBA7-4494-A393-802CA7E94351}"
EndProject
Project("{8BC9CEB8-8B4A-11D0-8D11-00A0C91BC942}") = "botlib-wolfmp", "botlib\botlib-wolfmp.vcxproj", "{4E5F4E34-0E6A-4200-916F-D33805505B54}"
EndProject
Project("{8BC9CEB8-8B4A-11D0-8D11-00A0C91BC942}") = "renderer-wolfmp", "renderer\renderer-wolfmp.vcxproj", "{544C7EF5-2A74-4206-8B74-24D4FAD83048}"
EndProject
Project("{8BC9CEB8-8B4A-11D0-8D11-00A0C91BC942}") = "jlwolfmp", "jlwolfmp.vcxproj", "{3ACD01D0-DCF1-46A5-A477-7E8524032A02}"
EndProject
Project("{8BC9CEB8-8B4A-11D0-8D11-00A0C91BC942}") = "jlwolfmpded", "jlwolfmpded.vcxproj", "{C29F4E39-2F51-44F2-AC0D-F9B79C13D47A}"
EndProject
Global
	GlobalSection(SolutionConfigurationPlatforms) = preSolution
		Debug|Win32 = Debug|Win32
		Release|Win32 = Release|Win32
	EndGlobalSection
	GlobalSection(ProjectConfigurationPlatforms) = postSolution
		{B6842D42-FBA7-4494-A393-802CA7E94351}.Debug|Win32.ActiveCfg = Debug|Win32
		{B6842D42-FBA7-4494-A393-802CA7E94351}.Debug|Win32.Build.0 = Debug|Win32
		{B6842D42-FBA7-4494-A393-802CA7E94351}.Release|Win32.ActiveCfg = Release|Win32
		{B6842D42-FBA7-4494-A393-802CA7E94351}.Release|Win32.Build.0 = Release|Win32
		{4E5F4E34-0E6A-4200-916F-D33805505B54}.Debug|Win32.ActiveCfg = Debug|Win32
		{4E5F4E34-0E6A-4200-916F-D33805505B54}.Debug|Win32.Build.0 = Debug|Win32
		{4E5F4E34-0E6A-4200-916F-D33805505B54}.Release|Win32.ActiveCfg = Release|Win32
		{4E5F4E34-0E6A-4200-916F-D33805505B54}.Release|Win32.Build.0 = Release|Win32
		{544C7EF5-2A74-4206-8B74-24D4FAD83048}.Debug|Win32.ActiveCfg = Debug|Win32
		{544C7EF5-2A74-4206-8B74-24D4FAD83048}.Debug|Win32.Build.0 = Debug|Win32
		{544C7EF5-2A74-4206-8B74-24D4FAD83048}.Release|Win32.ActiveCfg = Release|Win32
		{544C7EF5-2A74-4206-8B74-24D4FAD83048}.Release|Win32.Build.0 = Release|Win32
		{3ACD01D0-DCF1-46A5-A477-7E8524032A02}.Debug|Win32.ActiveCfg = Debug|Win32
		{3ACD01D0-DCF1-46A5-A477-7E8524032A02}.Debug|Win32.Build.0 = Debug|Win32
		{3ACD01D0-DCF1-46A5-A477-7E8524032A02}.Release|Win32.ActiveCfg = Release|Win32
		{3ACD01D0-DCF1-46A5-A477-7E8524032A02}.Release|Win32.Build.0 = Release|Win32
		{C29F4E39-2F51-44F2-AC0D-F9B79C13D47A}.Debug|Win32.ActiveCfg = Debug|Win32
		{C29F4E39-2F51-44F2-AC0D-F9B79C13D47A}.Debug|Win32.Build.0 = Debug|Win32
		{C29F4E39-2F51-44F2-AC0D-F9B79C13D47A}.Release|Win32.ActiveCfg = Release|Win32
		{C29F4E39-2F51-44F2-AC0D-F9B79C13D47A}.Release|Win32.Build.0 = Release|Win32
	EndGlobalSection
	GlobalSection(SolutionProperties) = preSolution
		HideSolutionNode = FALSE
	EndGlobalSection
EndGlobal
