<?xml version="1.0" encoding="utf-8"?>
<Project ToolsVersion="4.0" xmlns="http://schemas.microsoft.com/developer/msbuild/2003">
  <ItemGroup>
    <Filter Include="Source Files">
      <UniqueIdentifier>{4FC737F1-C7A5-4376-A066-2A32D752A2FF}</UniqueIdentifier>
      <Extensions>cpp;c;cc;cxx;def;odl;idl;hpj;bat;asm;asmx</Extensions>
    </Filter>
    <Filter Include="Header Files">
      <UniqueIdentifier>{93995380-89BD-4b04-88EB-625FBE52EBFB}</UniqueIdentifier>
      <Extensions>h;hpp;hxx;hm;inl;inc;xsd</Extensions>
    </Filter>
    <Filter Include="Resource Files">
      <UniqueIdentifier>{67DA6AB6-F800-4c08-8B7A-83BB121AAD01}</UniqueIdentifier>
      <Extensions>rc;ico;cur;bmp;dlg;rc2;rct;bin;rgs;gif;jpg;jpeg;jpe;resx;tiff;tif;png;wav</Extensions>
    </Filter>
  </ItemGroup>
  <ItemGroup>
    <ClCompile Include="src\autofit\afangles.c">
      <Filter>Source Files</Filter>
    </ClCompile>
    <ClCompile Include="src\autofit\afcjk.c">
      <Filter>Source Files</Filter>
    </ClCompile>
    <ClCompile Include="src\autofit\afdummy.c">
      <Filter>Source Files</Filter>
    </ClCompile>
    <ClCompile Include="src\autofit\afglobal.c">
      <Filter>Source Files</Filter>
    </ClCompile>
    <ClCompile Include="src\autofit\afhints.c">
      <Filter>Source Files</Filter>
    </ClCompile>
    <ClCompile Include="src\autofit\afindic.c">
      <Filter>Source Files</Filter>
    </ClCompile>
    <ClCompile Include="src\autofit\aflatin.c">
      <Filter>Source Files</Filter>
    </ClCompile>
    <ClCompile Include="src\autofit\afloader.c">
      <Filter>Source Files</Filter>
    </ClCompile>
    <ClCompile Include="src\autofit\afmodule.c">
      <Filter>Source Files</Filter>
    </ClCompile>
    <ClCompile Include="src\psaux\afmparse.c">
      <Filter>Source Files</Filter>
    </ClCompile>
    <ClCompile Include="src\bdf\bdfdrivr.c">
      <Filter>Source Files</Filter>
    </ClCompile>
    <ClCompile Include="src\bdf\bdflib.c">
      <Filter>Source Files</Filter>
    </ClCompile>
    <ClCompile Include="src\cff\cffcmap.c">
      <Filter>Source Files</Filter>
    </ClCompile>
    <ClCompile Include="src\cff\cffdrivr.c">
      <Filter>Source Files</Filter>
    </ClCompile>
    <ClCompile Include="src\cff\cffgload.c">
      <Filter>Source Files</Filter>
    </ClCompile>
    <ClCompile Include="src\cff\cffload.c">
      <Filter>Source Files</Filter>
    </ClCompile>
    <ClCompile Include="src\cff\cffobjs.c">
      <Filter>Source Files</Filter>
    </ClCompile>
    <ClCompile Include="src\cff\cffparse.c">
      <Filter>Source Files</Filter>
    </ClCompile>
    <ClCompile Include="src\cid\cidgload.c">
      <Filter>Source Files</Filter>
    </ClCompile>
    <ClCompile Include="src\cid\cidload.c">
      <Filter>Source Files</Filter>
    </ClCompile>
    <ClCompile Include="src\cid\cidobjs.c">
      <Filter>Source Files</Filter>
    </ClCompile>
    <ClCompile Include="src\cid\cidparse.c">
      <Filter>Source Files</Filter>
    </ClCompile>
    <ClCompile Include="src\cid\cidriver.c">
      <Filter>Source Files</Filter>
    </ClCompile>
    <ClCompile Include="src\base\ftadvanc.c">
      <Filter>Source Files</Filter>
    </ClCompile>
    <ClCompile Include="src\base\ftcalc.c">
      <Filter>Source Files</Filter>
    </ClCompile>
    <ClCompile Include="src\base\ftgloadr.c">
      <Filter>Source Files</Filter>
    </ClCompile>
    <ClCompile Include="src\smooth\ftgrays.c">
      <Filter>Source Files</Filter>
    </ClCompile>
    <ClCompile Include="src\gzip\ftgzip.c">
      <Filter>Source Files</Filter>
    </ClCompile>
    <ClCompile Include="src\base\ftinit.c">
      <Filter>Source Files</Filter>
    </ClCompile>
    <ClCompile Include="src\lzw\ftlzw.c">
      <Filter>Source Files</Filter>
    </ClCompile>
    <ClCompile Include="src\base\ftobjs.c">
      <Filter>Source Files</Filter>
    </ClCompile>
    <ClCompile Include="src\base\ftoutln.c">
      <Filter>Source Files</Filter>
    </ClCompile>
    <ClCompile Include="src\raster\ftraster.c">
      <Filter>Source Files</Filter>
    </ClCompile>
    <ClCompile Include="src\raster\ftrend1.c">
      <Filter>Source Files</Filter>
    </ClCompile>
    <ClCompile Include="src\base\ftrfork.c">
      <Filter>Source Files</Filter>
    </ClCompile>
    <ClCompile Include="src\smooth\ftsmooth.c">
      <Filter>Source Files</Filter>
    </ClCompile>
    <ClCompile Include="src\base\ftstream.c">
      <Filter>Source Files</Filter>
    </ClCompile>
    <ClCompile Include="src\base\ftsystem.c">
      <Filter>Source Files</Filter>
    </ClCompile>
    <ClCompile Include="src\base\fttrigon.c">
      <Filter>Source Files</Filter>
    </ClCompile>
    <ClCompile Include="src\base\ftutil.c">
      <Filter>Source Files</Filter>
    </ClCompile>
    <ClCompile Include="src\lzw\ftzopen.c">
      <Filter>Source Files</Filter>
    </ClCompile>
    <ClCompile Include="src\pcf\pcfdrivr.c">
      <Filter>Source Files</Filter>
    </ClCompile>
    <ClCompile Include="src\pcf\pcfread.c">
      <Filter>Source Files</Filter>
    </ClCompile>
    <ClCompile Include="src\pcf\pcfutil.c">
      <Filter>Source Files</Filter>
    </ClCompile>
    <ClCompile Include="src\pfr\pfrcmap.c">
      <Filter>Source Files</Filter>
    </ClCompile>
    <ClCompile Include="src\pfr\pfrdrivr.c">
      <Filter>Source Files</Filter>
    </ClCompile>
    <ClCompile Include="src\pfr\pfrgload.c">
      <Filter>Source Files</Filter>
    </ClCompile>
    <ClCompile Include="src\pfr\pfrload.c">
      <Filter>Source Files</Filter>
    </ClCompile>
    <ClCompile Include="src\pfr\pfrobjs.c">
      <Filter>Source Files</Filter>
    </ClCompile>
    <ClCompile Include="src\pfr\pfrsbit.c">
      <Filter>Source Files</Filter>
    </ClCompile>
    <ClCompile Include="src\psaux\psauxmod.c">
      <Filter>Source Files</Filter>
    </ClCompile>
    <ClCompile Include="src\psaux\psconv.c">
      <Filter>Source Files</Filter>
    </ClCompile>
    <ClCompile Include="src\pshinter\pshalgo.c">
      <Filter>Source Files</Filter>
    </ClCompile>
    <ClCompile Include="src\pshinter\pshglob.c">
      <Filter>Source Files</Filter>
    </ClCompile>
    <ClCompile Include="src\pshinter\pshmod.c">
      <Filter>Source Files</Filter>
    </ClCompile>
    <ClCompile Include="src\pshinter\pshrec.c">
      <Filter>Source Files</Filter>
    </ClCompile>
    <ClCompile Include="src\psnames\psmodule.c">
      <Filter>Source Files</Filter>
    </ClCompile>
    <ClCompile Include="src\psaux\psobjs.c">
      <Filter>Source Files</Filter>
    </ClCompile>
    <ClCompile Include="src\sfnt\sfdriver.c">
      <Filter>Source Files</Filter>
    </ClCompile>
    <ClCompile Include="src\sfnt\sfobjs.c">
      <Filter>Source Files</Filter>
    </ClCompile>
    <ClCompile Include="src\type1\t1afm.c">
      <Filter>Source Files</Filter>
    </ClCompile>
    <ClCompile Include="src\psaux\t1cmap.c">
      <Filter>Source Files</Filter>
    </ClCompile>
    <ClCompile Include="src\psaux\t1decode.c">
      <Filter>Source Files</Filter>
    </ClCompile>
    <ClCompile Include="src\type1\t1driver.c">
      <Filter>Source Files</Filter>
    </ClCompile>
    <ClCompile Include="src\type1\t1gload.c">
      <Filter>Source Files</Filter>
    </ClCompile>
    <ClCompile Include="src\type1\t1load.c">
      <Filter>Source Files</Filter>
    </ClCompile>
    <ClCompile Include="src\type1\t1objs.c">
      <Filter>Source Files</Filter>
    </ClCompile>
    <ClCompile Include="src\type1\t1parse.c">
      <Filter>Source Files</Filter>
    </ClCompile>
    <ClCompile Include="src\type42\t42drivr.c">
      <Filter>Source Files</Filter>
    </ClCompile>
    <ClCompile Include="src\type42\t42objs.c">
      <Filter>Source Files</Filter>
    </ClCompile>
    <ClCompile Include="src\type42\t42parse.c">
      <Filter>Source Files</Filter>
    </ClCompile>
    <ClCompile Include="src\sfnt\ttbdf.c">
      <Filter>Source Files</Filter>
    </ClCompile>
    <ClCompile Include="src\sfnt\ttcmap.c">
      <Filter>Source Files</Filter>
    </ClCompile>
    <ClCompile Include="src\truetype\ttdriver.c">
      <Filter>Source Files</Filter>
    </ClCompile>
    <ClCompile Include="src\truetype\ttgload.c">
      <Filter>Source Files</Filter>
    </ClCompile>
    <ClCompile Include="src\truetype\ttgxvar.c">
      <Filter>Source Files</Filter>
    </ClCompile>
    <ClCompile Include="src\truetype\ttinterp.c">
      <Filter>Source Files</Filter>
    </ClCompile>
    <ClCompile Include="src\sfnt\ttkern.c">
      <Filter>Source Files</Filter>
    </ClCompile>
    <ClCompile Include="src\sfnt\ttload.c">
      <Filter>Source Files</Filter>
    </ClCompile>
    <ClCompile Include="src\sfnt\ttmtx.c">
      <Filter>Source Files</Filter>
    </ClCompile>
    <ClCompile Include="src\truetype\ttobjs.c">
      <Filter>Source Files</Filter>
    </ClCompile>
    <ClCompile Include="src\truetype\ttpload.c">
      <Filter>Source Files</Filter>
    </ClCompile>
    <ClCompile Include="src\sfnt\ttpost.c">
      <Filter>Source Files</Filter>
    </ClCompile>
    <ClCompile Include="src\sfnt\ttsbit.c">
      <Filter>Source Files</Filter>
    </ClCompile>
    <ClCompile Include="src\winfonts\winfnt.c">
      <Filter>Source Files</Filter>
    </ClCompile>
  </ItemGroup>
  <ItemGroup>
    <ClInclude Include="src\autofit\afcjk.h">
      <Filter>Header Files</Filter>
    </ClInclude>
    <ClInclude Include="src\autofit\afdummy.h">
      <Filter>Header Files</Filter>
    </ClInclude>
    <ClInclude Include="src\autofit\aferrors.h">
      <Filter>Header Files</Filter>
    </ClInclude>
    <ClInclude Include="src\autofit\afglobal.h">
      <Filter>Header Files</Filter>
    </ClInclude>
    <ClInclude Include="src\autofit\afhints.h">
      <Filter>Header Files</Filter>
    </ClInclude>
    <ClInclude Include="src\autofit\afindic.h">
      <Filter>Header Files</Filter>
    </ClInclude>
    <ClInclude Include="src\autofit\aflatin.h">
      <Filter>Header Files</Filter>
    </ClInclude>
    <ClInclude Include="src\autofit\afloader.h">
      <Filter>Header Files</Filter>
    </ClInclude>
    <ClInclude Include="src\autofit\afmodule.h">
      <Filter>Header Files</Filter>
    </ClInclude>
    <ClInclude Include="src\psaux\afmparse.h">
      <Filter>Header Files</Filter>
    </ClInclude>
    <ClInclude Include="src\autofit\afpic.h">
      <Filter>Header Files</Filter>
    </ClInclude>
    <ClInclude Include="src\autofit\aftypes.h">
      <Filter>Header Files</Filter>
    </ClInclude>
    <ClInclude Include="include\freetype\internal\autohint.h">
      <Filter>Header Files</Filter>
    </ClInclude>
    <ClInclude Include="src\base\basepic.h">
      <Filter>Header Files</Filter>
    </ClInclude>
    <ClInclude Include="src\bdf\bdf.h">
      <Filter>Header Files</Filter>
    </ClInclude>
    <ClInclude Include="src\bdf\bdfdrivr.h">
      <Filter>Header Files</Filter>
    </ClInclude>
    <ClInclude Include="src\bdf\bdferror.h">
      <Filter>Header Files</Filter>
    </ClInclude>
    <ClInclude Include="src\cid\ciderrs.h">
      <Filter>Header Files</Filter>
    </ClInclude>
    <ClInclude Include="src\cid\cidgload.h">
      <Filter>Header Files</Filter>
    </ClInclude>
    <ClInclude Include="src\cid\cidload.h">
      <Filter>Header Files</Filter>
    </ClInclude>
    <ClInclude Include="src\cid\cidobjs.h">
      <Filter>Header Files</Filter>
    </ClInclude>
    <ClInclude Include="src\cid\cidparse.h">
      <Filter>Header Files</Filter>
    </ClInclude>
    <ClInclude Include="src\cid\cidriver.h">
      <Filter>Header Files</Filter>
    </ClInclude>
    <ClInclude Include="src\cid\cidtoken.h">
      <Filter>Header Files</Filter>
    </ClInclude>
    <ClInclude Include="src\winfonts\fnterrs.h">
      <Filter>Header Files</Filter>
    </ClInclude>
    <ClInclude Include="include\freetype\freetype.h">
      <Filter>Header Files</Filter>
    </ClInclude>
    <ClInclude Include="include\ft2build.h">
      <Filter>Header Files</Filter>
    </ClInclude>
    <ClInclude Include="include\freetype\ftadvanc.h">
      <Filter>Header Files</Filter>
    </ClInclude>
    <ClInclude Include="src\base\ftbase.h">
      <Filter>Header Files</Filter>
    </ClInclude>
    <ClInclude Include="include\freetype\ftbdf.h">
      <Filter>Header Files</Filter>
    </ClInclude>
    <ClInclude Include="include\freetype\internal\ftcalc.h">
      <Filter>Header Files</Filter>
    </ClInclude>
    <ClInclude Include="include\freetype\config\ftconfig.h">
      <Filter>Header Files</Filter>
    </ClInclude>
    <ClInclude Include="include\freetype\internal\ftdebug.h">
      <Filter>Header Files</Filter>
    </ClInclude>
    <ClInclude Include="include\freetype\internal\ftdriver.h">
      <Filter>Header Files</Filter>
    </ClInclude>
    <ClInclude Include="include\freetype\fterrdef.h">
      <Filter>Header Files</Filter>
    </ClInclude>
    <ClInclude Include="include\freetype\fterrors.h">
      <Filter>Header Files</Filter>
    </ClInclude>
    <ClInclude Include="include\freetype\internal\ftgloadr.h">
      <Filter>Header Files</Filter>
    </ClInclude>
    <ClInclude Include="include\freetype\ftglyph.h">
      <Filter>Header Files</Filter>
    </ClInclude>
    <ClInclude Include="src\smooth\ftgrays.h">
      <Filter>Header Files</Filter>
    </ClInclude>
    <ClInclude Include="include\freetype\ftgzip.h">
      <Filter>Header Files</Filter>
    </ClInclude>
    <ClInclude Include="include\freetype\config\ftheader.h">
      <Filter>Header Files</Filter>
    </ClInclude>
    <ClInclude Include="include\freetype\ftimage.h">
      <Filter>Header Files</Filter>
    </ClInclude>
    <ClInclude Include="include\freetype\ftincrem.h">
      <Filter>Header Files</Filter>
    </ClInclude>
    <ClInclude Include="include\freetype\ftlcdfil.h">
      <Filter>Header Files</Filter>
    </ClInclude>
    <ClInclude Include="include\freetype\ftlist.h">
      <Filter>Header Files</Filter>
    </ClInclude>
    <ClInclude Include="include\freetype\ftlzw.h">
      <Filter>Header Files</Filter>
    </ClInclude>
    <ClInclude Include="include\freetype\internal\ftmemory.h">
      <Filter>Header Files</Filter>
    </ClInclude>
    <ClInclude Include="include\freetype\ftmm.h">
      <Filter>Header Files</Filter>
    </ClInclude>
    <ClInclude Include="include\freetype\ftmodapi.h">
      <Filter>Header Files</Filter>
    </ClInclude>
    <ClInclude Include="include\freetype\ftmoderr.h">
      <Filter>Header Files</Filter>
    </ClInclude>
    <ClInclude Include="include\freetype\config\ftmodule.h">
      <Filter>Header Files</Filter>
    </ClInclude>
    <ClInclude Include="include\freetype\internal\ftobjs.h">
      <Filter>Header Files</Filter>
    </ClInclude>
    <ClInclude Include="include\freetype\config\ftoption.h">
      <Filter>Header Files</Filter>
    </ClInclude>
    <ClInclude Include="include\freetype\ftoutln.h">
      <Filter>Header Files</Filter>
    </ClInclude>
    <ClInclude Include="include\freetype\ftpfr.h">
      <Filter>Header Files</Filter>
    </ClInclude>
    <ClInclude Include="include\freetype\internal\ftpic.h">
      <Filter>Header Files</Filter>
    </ClInclude>
    <ClInclude Include="src\raster\ftraster.h">
      <Filter>Header Files</Filter>
    </ClInclude>
    <ClInclude Include="src\raster\ftrend1.h">
      <Filter>Header Files</Filter>
    </ClInclude>
    <ClInclude Include="include\freetype\ftrender.h">
      <Filter>Header Files</Filter>
    </ClInclude>
    <ClInclude Include="include\freetype\internal\ftrfork.h">
      <Filter>Header Files</Filter>
    </ClInclude>
    <ClInclude Include="include\freetype\internal\ftserv.h">
      <Filter>Header Files</Filter>
    </ClInclude>
    <ClInclude Include="include\freetype\ftsizes.h">
      <Filter>Header Files</Filter>
    </ClInclude>
    <ClInclude Include="src\smooth\ftsmerrs.h">
      <Filter>Header Files</Filter>
    </ClInclude>
    <ClInclude Include="src\smooth\ftsmooth.h">
      <Filter>Header Files</Filter>
    </ClInclude>
    <ClInclude Include="include\freetype\ftsnames.h">
      <Filter>Header Files</Filter>
    </ClInclude>
    <ClInclude Include="src\smooth\ftspic.h">
      <Filter>Header Files</Filter>
    </ClInclude>
    <ClInclude Include="include\freetype\config\ftstdlib.h">
      <Filter>Header Files</Filter>
    </ClInclude>
    <ClInclude Include="include\freetype\internal\ftstream.h">
      <Filter>Header Files</Filter>
    </ClInclude>
    <ClInclude Include="include\freetype\ftsystem.h">
      <Filter>Header Files</Filter>
    </ClInclude>
    <ClInclude Include="include\freetype\fttrigon.h">
      <Filter>Header Files</Filter>
    </ClInclude>
    <ClInclude Include="include\freetype\fttypes.h">
      <Filter>Header Files</Filter>
    </ClInclude>
    <ClInclude Include="include\freetype\internal\ftvalid.h">
      <Filter>Header Files</Filter>
    </ClInclude>
    <ClInclude Include="include\freetype\ftwinfnt.h">
      <Filter>Header Files</Filter>
    </ClInclude>
    <ClInclude Include="src\lzw\ftzopen.h">
      <Filter>Header Files</Filter>
    </ClInclude>
    <ClInclude Include="include\freetype\internal\internal.h">
      <Filter>Header Files</Filter>
    </ClInclude>
    <ClInclude Include="src\pcf\pcf.h">
      <Filter>Header Files</Filter>
    </ClInclude>
    <ClInclude Include="src\pcf\pcfdrivr.h">
      <Filter>Header Files</Filter>
    </ClInclude>
    <ClInclude Include="src\pcf\pcferror.h">
      <Filter>Header Files</Filter>
    </ClInclude>
    <ClInclude Include="src\pcf\pcfread.h">
      <Filter>Header Files</Filter>
    </ClInclude>
    <ClInclude Include="src\pcf\pcfutil.h">
      <Filter>Header Files</Filter>
    </ClInclude>
    <ClInclude Include="src\pfr\pfrcmap.h">
      <Filter>Header Files</Filter>
    </ClInclude>
    <ClInclude Include="src\pfr\pfrdrivr.h">
      <Filter>Header Files</Filter>
    </ClInclude>
    <ClInclude Include="src\pfr\pfrerror.h">
      <Filter>Header Files</Filter>
    </ClInclude>
    <ClInclude Include="src\pfr\pfrgload.h">
      <Filter>Header Files</Filter>
    </ClInclude>
    <ClInclude Include="src\pfr\pfrload.h">
      <Filter>Header Files</Filter>
    </ClInclude>
    <ClInclude Include="src\pfr\pfrobjs.h">
      <Filter>Header Files</Filter>
    </ClInclude>
    <ClInclude Include="src\pfr\pfrsbit.h">
      <Filter>Header Files</Filter>
    </ClInclude>
    <ClInclude Include="src\pfr\pfrtypes.h">
      <Filter>Header Files</Filter>
    </ClInclude>
    <ClInclude Include="include\freetype\internal\psaux.h">
      <Filter>Header Files</Filter>
    </ClInclude>
    <ClInclude Include="src\psaux\psauxerr.h">
      <Filter>Header Files</Filter>
    </ClInclude>
    <ClInclude Include="src\psaux\psauxmod.h">
      <Filter>Header Files</Filter>
    </ClInclude>
    <ClInclude Include="src\psaux\psconv.h">
      <Filter>Header Files</Filter>
    </ClInclude>
    <ClInclude Include="src\pshinter\pshalgo.h">
      <Filter>Header Files</Filter>
    </ClInclude>
    <ClInclude Include="src\pshinter\pshglob.h">
      <Filter>Header Files</Filter>
    </ClInclude>
    <ClInclude Include="include\freetype\internal\pshints.h">
      <Filter>Header Files</Filter>
    </ClInclude>
    <ClInclude Include="src\pshinter\pshnterr.h">
      <Filter>Header Files</Filter>
    </ClInclude>
    <ClInclude Include="src\pshinter\pshpic.h">
      <Filter>Header Files</Filter>
    </ClInclude>
    <ClInclude Include="src\pshinter\pshrec.h">
      <Filter>Header Files</Filter>
    </ClInclude>
    <ClInclude Include="src\psnames\psmodule.h">
      <Filter>Header Files</Filter>
    </ClInclude>
    <ClInclude Include="src\psnames\psnamerr.h">
      <Filter>Header Files</Filter>
    </ClInclude>
    <ClInclude Include="src\psaux\psobjs.h">
      <Filter>Header Files</Filter>
    </ClInclude>
    <ClInclude Include="src\psnames\pspic.h">
      <Filter>Header Files</Filter>
    </ClInclude>
    <ClInclude Include="src\psnames\pstables.h">
      <Filter>Header Files</Filter>
    </ClInclude>
    <ClInclude Include="src\raster\rasterrs.h">
      <Filter>Header Files</Filter>
    </ClInclude>
    <ClInclude Include="src\raster\rastpic.h">
      <Filter>Header Files</Filter>
    </ClInclude>
    <ClInclude Include="src\sfnt\sfdriver.h">
      <Filter>Header Files</Filter>
    </ClInclude>
    <ClInclude Include="src\sfnt\sferrors.h">
      <Filter>Header Files</Filter>
    </ClInclude>
    <ClInclude Include="include\freetype\internal\sfnt.h">
      <Filter>Header Files</Filter>
    </ClInclude>
    <ClInclude Include="src\sfnt\sfntpic.h">
      <Filter>Header Files</Filter>
    </ClInclude>
    <ClInclude Include="src\sfnt\sfobjs.h">
      <Filter>Header Files</Filter>
    </ClInclude>
    <ClInclude Include="include\freetype\internal\services\svbdf.h">
      <Filter>Header Files</Filter>
    </ClInclude>
    <ClInclude Include="include\freetype\internal\services\svcid.h">
      <Filter>Header Files</Filter>
    </ClInclude>
    <ClInclude Include="include\freetype\internal\services\svgldict.h">
      <Filter>Header Files</Filter>
    </ClInclude>
    <ClInclude Include="include\freetype\internal\services\svkern.h">
      <Filter>Header Files</Filter>
    </ClInclude>
    <ClInclude Include="include\freetype\internal\services\svmm.h">
      <Filter>Header Files</Filter>
    </ClInclude>
    <ClInclude Include="include\freetype\internal\services\svpfr.h">
      <Filter>Header Files</Filter>
    </ClInclude>
    <ClInclude Include="include\freetype\internal\services\svpostnm.h">
      <Filter>Header Files</Filter>
    </ClInclude>
    <ClInclude Include="include\freetype\internal\services\svpscmap.h">
      <Filter>Header Files</Filter>
    </ClInclude>
    <ClInclude Include="include\freetype\internal\services\svpsinfo.h">
      <Filter>Header Files</Filter>
    </ClInclude>
    <ClInclude Include="include\freetype\internal\services\svsfnt.h">
      <Filter>Header Files</Filter>
    </ClInclude>
    <ClInclude Include="include\freetype\internal\services\svttcmap.h">
      <Filter>Header Files</Filter>
    </ClInclude>
    <ClInclude Include="include\freetype\internal\services\svtteng.h">
      <Filter>Header Files</Filter>
    </ClInclude>
    <ClInclude Include="include\freetype\internal\services\svttglyf.h">
      <Filter>Header Files</Filter>
    </ClInclude>
    <ClInclude Include="include\freetype\internal\services\svwinfnt.h">
      <Filter>Header Files</Filter>
    </ClInclude>
    <ClInclude Include="include\freetype\internal\services\svxf86nm.h">
      <Filter>Header Files</Filter>
    </ClInclude>
    <ClInclude Include="src\type1\t1afm.h">
      <Filter>Header Files</Filter>
    </ClInclude>
    <ClInclude Include="src\psaux\t1cmap.h">
      <Filter>Header Files</Filter>
    </ClInclude>
    <ClInclude Include="src\psaux\t1decode.h">
      <Filter>Header Files</Filter>
    </ClInclude>
    <ClInclude Include="src\type1\t1driver.h">
      <Filter>Header Files</Filter>
    </ClInclude>
    <ClInclude Include="src\type1\t1errors.h">
      <Filter>Header Files</Filter>
    </ClInclude>
    <ClInclude Include="src\type1\t1gload.h">
      <Filter>Header Files</Filter>
    </ClInclude>
    <ClInclude Include="src\type1\t1load.h">
      <Filter>Header Files</Filter>
    </ClInclude>
    <ClInclude Include="src\type1\t1objs.h">
      <Filter>Header Files</Filter>
    </ClInclude>
    <ClInclude Include="src\type1\t1parse.h">
      <Filter>Header Files</Filter>
    </ClInclude>
    <ClInclude Include="include\freetype\t1tables.h">
      <Filter>Header Files</Filter>
    </ClInclude>
    <ClInclude Include="src\type1\t1tokens.h">
      <Filter>Header Files</Filter>
    </ClInclude>
    <ClInclude Include="include\freetype\internal\t1types.h">
      <Filter>Header Files</Filter>
    </ClInclude>
    <ClInclude Include="src\type42\t42drivr.h">
      <Filter>Header Files</Filter>
    </ClInclude>
    <ClInclude Include="src\type42\t42error.h">
      <Filter>Header Files</Filter>
    </ClInclude>
    <ClInclude Include="src\type42\t42objs.h">
      <Filter>Header Files</Filter>
    </ClInclude>
    <ClInclude Include="src\type42\t42parse.h">
      <Filter>Header Files</Filter>
    </ClInclude>
    <ClInclude Include="src\type42\t42types.h">
      <Filter>Header Files</Filter>
    </ClInclude>
    <ClInclude Include="src\sfnt\ttbdf.h">
      <Filter>Header Files</Filter>
    </ClInclude>
    <ClInclude Include="src\sfnt\ttcmap.h">
      <Filter>Header Files</Filter>
    </ClInclude>
    <ClInclude Include="src\sfnt\ttcmapc.h">
      <Filter>Header Files</Filter>
    </ClInclude>
    <ClInclude Include="src\truetype\ttdriver.h">
      <Filter>Header Files</Filter>
    </ClInclude>
    <ClInclude Include="src\truetype\tterrors.h">
      <Filter>Header Files</Filter>
    </ClInclude>
    <ClInclude Include="src\truetype\ttgload.h">
      <Filter>Header Files</Filter>
    </ClInclude>
    <ClInclude Include="src\truetype\ttgxvar.h">
      <Filter>Header Files</Filter>
    </ClInclude>
    <ClInclude Include="src\truetype\ttinterp.h">
      <Filter>Header Files</Filter>
    </ClInclude>
    <ClInclude Include="src\sfnt\ttkern.h">
      <Filter>Header Files</Filter>
    </ClInclude>
    <ClInclude Include="src\sfnt\ttload.h">
      <Filter>Header Files</Filter>
    </ClInclude>
    <ClInclude Include="src\sfnt\ttmtx.h">
      <Filter>Header Files</Filter>
    </ClInclude>
    <ClInclude Include="include\freetype\ttnameid.h">
      <Filter>Header Files</Filter>
    </ClInclude>
    <ClInclude Include="src\truetype\ttobjs.h">
      <Filter>Header Files</Filter>
    </ClInclude>
    <ClInclude Include="src\truetype\ttpic.h">
      <Filter>Header Files</Filter>
    </ClInclude>
    <ClInclude Include="src\truetype\ttpload.h">
      <Filter>Header Files</Filter>
    </ClInclude>
    <ClInclude Include="src\sfnt\ttpost.h">
      <Filter>Header Files</Filter>
    </ClInclude>
    <ClInclude Include="src\sfnt\ttsbit.h">
      <Filter>Header Files</Filter>
    </ClInclude>
    <ClInclude Include="include\freetype\tttables.h">
      <Filter>Header Files</Filter>
    </ClInclude>
    <ClInclude Include="include\freetype\tttags.h">
      <Filter>Header Files</Filter>
    </ClInclude>
    <ClInclude Include="include\freetype\internal\tttypes.h">
      <Filter>Header Files</Filter>
    </ClInclude>
    <ClInclude Include="src\winfonts\winfnt.h">
      <Filter>Header Files</Filter>
    </ClInclude>
  </ItemGroup>
</Project>