<?xml version="1.0" encoding="utf-8"?>
<Project ToolsVersion="4.0" xmlns="http://schemas.microsoft.com/developer/msbuild/2003">
  <ItemGroup>
    <Filter Include="Source Files">
      <UniqueIdentifier>{65255745-8e6b-49b8-8b49-308b47c52ebc}</UniqueIdentifier>
      <Extensions>cpp;c;cxx;rc;def;r;odl;hpj;bat;for;f90</Extensions>
    </Filter>
    <Filter Include="Header Files">
      <UniqueIdentifier>{04123f68-ce6b-4149-bea0-49d115143483}</UniqueIdentifier>
      <Extensions>h;hpp;hxx;hm;inl;fi;fd</Extensions>
    </Filter>
    <Filter Include="Resource Files">
      <UniqueIdentifier>{64dba9a1-5c1b-403f-976f-94facc098aac}</UniqueIdentifier>
      <Extensions>ico;cur;bmp;dlg;rc2;rct;bin;cnt;rtf;gif;jpg;jpeg;jpe</Extensions>
    </Filter>
  </ItemGroup>
  <ItemGroup>
    <ClCompile Include="..\client\cmd.cpp">
      <Filter>Source Files</Filter>
    </ClCompile>
    <ClCompile Include="..\client\common.cpp">
      <Filter>Source Files</Filter>
    </ClCompile>
    <ClCompile Include="..\client\cvar.cpp">
      <Filter>Source Files</Filter>
    </ClCompile>
    <ClCompile Include="..\client\net_chan.cpp">
      <Filter>Source Files</Filter>
    </ClCompile>
    <ClCompile Include="..\client\pmove.cpp">
      <Filter>Source Files</Filter>
    </ClCompile>
    <ClCompile Include="..\client\pmovetst.cpp">
      <Filter>Source Files</Filter>
    </ClCompile>
    <ClCompile Include="pr_cmds.cpp">
      <Filter>Source Files</Filter>
    </ClCompile>
    <ClCompile Include="pr_edict.cpp">
      <Filter>Source Files</Filter>
    </ClCompile>
    <ClCompile Include="pr_exec.cpp">
      <Filter>Source Files</Filter>
    </ClCompile>
    <ClCompile Include="sv_ccmds.cpp">
      <Filter>Source Files</Filter>
    </ClCompile>
    <ClCompile Include="sv_ents.cpp">
      <Filter>Source Files</Filter>
    </ClCompile>
    <ClCompile Include="sv_init.cpp">
      <Filter>Source Files</Filter>
    </ClCompile>
    <ClCompile Include="sv_main.cpp">
      <Filter>Source Files</Filter>
    </ClCompile>
    <ClCompile Include="sv_move.cpp">
      <Filter>Source Files</Filter>
    </ClCompile>
    <ClCompile Include="sv_nchan.cpp">
      <Filter>Source Files</Filter>
    </ClCompile>
    <ClCompile Include="sv_phys.cpp">
      <Filter>Source Files</Filter>
    </ClCompile>
    <ClCompile Include="sv_send.cpp">
      <Filter>Source Files</Filter>
    </ClCompile>
    <ClCompile Include="sv_user.cpp">
      <Filter>Source Files</Filter>
    </ClCompile>
    <ClCompile Include="sys_win.cpp">
      <Filter>Source Files</Filter>
    </ClCompile>
    <ClCompile Include="world.cpp">
      <Filter>Source Files</Filter>
    </ClCompile>
    <ClCompile Include="..\client\zone.cpp">
      <Filter>Source Files</Filter>
    </ClCompile>
  </ItemGroup>
  <ItemGroup>
    <ClInclude Include="..\..\..\quake\v2\client\net.h">
      <Filter>Source Files</Filter>
    </ClInclude>
    <ClInclude Include="..\client\bothdefs.h">
      <Filter>Header Files</Filter>
    </ClInclude>
    <ClInclude Include="..\client\cdaudio.h">
      <Filter>Header Files</Filter>
    </ClInclude>
    <ClInclude Include="..\client\client.h">
      <Filter>Header Files</Filter>
    </ClInclude>
    <ClInclude Include="..\client\cmd.h">
      <Filter>Header Files</Filter>
    </ClInclude>
    <ClInclude Include="..\client\common.h">
      <Filter>Header Files</Filter>
    </ClInclude>
    <ClInclude Include="..\client\console.h">
      <Filter>Header Files</Filter>
    </ClInclude>
    <ClInclude Include="..\client\d_iface.h">
      <Filter>Header Files</Filter>
    </ClInclude>
    <ClInclude Include="..\client\draw.h">
      <Filter>Header Files</Filter>
    </ClInclude>
    <ClInclude Include="..\client\input.h">
      <Filter>Header Files</Filter>
    </ClInclude>
    <ClInclude Include="..\client\keys.h">
      <Filter>Header Files</Filter>
    </ClInclude>
    <ClInclude Include="..\client\mathlib.h">
      <Filter>Header Files</Filter>
    </ClInclude>
    <ClInclude Include="..\client\menu.h">
      <Filter>Header Files</Filter>
    </ClInclude>
    <ClInclude Include="..\client\net.h">
      <Filter>Header Files</Filter>
    </ClInclude>
    <ClInclude Include="..\client\pmove.h">
      <Filter>Header Files</Filter>
    </ClInclude>
    <ClInclude Include="pr_comp.h">
      <Filter>Header Files</Filter>
    </ClInclude>
    <ClInclude Include="progdefs.h">
      <Filter>Header Files</Filter>
    </ClInclude>
    <ClInclude Include="progs.h">
      <Filter>Header Files</Filter>
    </ClInclude>
    <ClInclude Include="..\client\protocol.h">
      <Filter>Header Files</Filter>
    </ClInclude>
    <ClInclude Include="..\client\quakedef.h">
      <Filter>Header Files</Filter>
    </ClInclude>
    <ClInclude Include="qwsvdef.h">
      <Filter>Header Files</Filter>
    </ClInclude>
    <ClInclude Include="..\client\render.h">
      <Filter>Header Files</Filter>
    </ClInclude>
    <ClInclude Include="..\client\sbar.h">
      <Filter>Header Files</Filter>
    </ClInclude>
    <ClInclude Include="..\client\screen.h">
      <Filter>Header Files</Filter>
    </ClInclude>
    <ClInclude Include="server.h">
      <Filter>Header Files</Filter>
    </ClInclude>
    <ClInclude Include="..\client\sound.h">
      <Filter>Header Files</Filter>
    </ClInclude>
    <ClInclude Include="sys.h">
      <Filter>Header Files</Filter>
    </ClInclude>
    <ClInclude Include="..\client\vid.h">
      <Filter>Header Files</Filter>
    </ClInclude>
    <ClInclude Include="..\client\view.h">
      <Filter>Header Files</Filter>
    </ClInclude>
    <ClInclude Include="..\client\wad.h">
      <Filter>Header Files</Filter>
    </ClInclude>
    <ClInclude Include="..\client\winquake.h">
      <Filter>Header Files</Filter>
    </ClInclude>
    <ClInclude Include="world.h">
      <Filter>Header Files</Filter>
    </ClInclude>
    <ClInclude Include="..\client\zone.h">
      <Filter>Header Files</Filter>
    </ClInclude>
  </ItemGroup>
</Project>