
Microsoft Visual Studio Solution File, Format Version 10.00
# Visual Studio 2008
Project("{8BC9CEB8-8B4A-11D0-8D11-00A0C91BC942}") = "hcode", "HCode\hcode.vcproj", "{3C16BC6A-B053-4A5B-8982-B6D77D8902BD}"
EndProject
Project("{8BC9CEB8-8B4A-11D0-8D11-00A0C91BC942}") = "qwcl", "Client\qwcl.vcproj", "{6B74BF6B-91C6-4FE0-AC05-D0BFC7B5DEF1}"
EndProject
Project("{8BC9CEB8-8B4A-11D0-8D11-00A0C91BC942}") = "qwsv", "Server\qwsv.vcproj", "{3918E6E0-AB3C-4A77-AC60-13AB718DCC1F}"
EndProject
Global
	GlobalSection(SolutionConfigurationPlatforms) = preSolution
		Debug|Win32 = Debug|Win32
		GLDebug|Win32 = GLDebug|Win32
		GLRelease|Win32 = GLRelease|Win32
		Release|Win32 = Release|Win32
	EndGlobalSection
	GlobalSection(ProjectConfigurationPlatforms) = postSolution
		{3C16BC6A-B053-4A5B-8982-B6D77D8902BD}.Debug|Win32.ActiveCfg = Debug|Win32
		{3C16BC6A-B053-4A5B-8982-B6D77D8902BD}.Debug|Win32.Build.0 = Debug|Win32
		{3C16BC6A-B053-4A5B-8982-B6D77D8902BD}.GLDebug|Win32.ActiveCfg = Debug|Win32
		{3C16BC6A-B053-4A5B-8982-B6D77D8902BD}.GLDebug|Win32.Build.0 = Debug|Win32
		{3C16BC6A-B053-4A5B-8982-B6D77D8902BD}.GLRelease|Win32.ActiveCfg = Release|Win32
		{3C16BC6A-B053-4A5B-8982-B6D77D8902BD}.GLRelease|Win32.Build.0 = Release|Win32
		{3C16BC6A-B053-4A5B-8982-B6D77D8902BD}.Release|Win32.ActiveCfg = Release|Win32
		{3C16BC6A-B053-4A5B-8982-B6D77D8902BD}.Release|Win32.Build.0 = Release|Win32
		{6B74BF6B-91C6-4FE0-AC05-D0BFC7B5DEF1}.Debug|Win32.ActiveCfg = Debug|Win32
		{6B74BF6B-91C6-4FE0-AC05-D0BFC7B5DEF1}.Debug|Win32.Build.0 = Debug|Win32
		{6B74BF6B-91C6-4FE0-AC05-D0BFC7B5DEF1}.GLDebug|Win32.ActiveCfg = GLDebug|Win32
		{6B74BF6B-91C6-4FE0-AC05-D0BFC7B5DEF1}.GLDebug|Win32.Build.0 = GLDebug|Win32
		{6B74BF6B-91C6-4FE0-AC05-D0BFC7B5DEF1}.GLRelease|Win32.ActiveCfg = GLRelease|Win32
		{6B74BF6B-91C6-4FE0-AC05-D0BFC7B5DEF1}.GLRelease|Win32.Build.0 = GLRelease|Win32
		{6B74BF6B-91C6-4FE0-AC05-D0BFC7B5DEF1}.Release|Win32.ActiveCfg = Release|Win32
		{6B74BF6B-91C6-4FE0-AC05-D0BFC7B5DEF1}.Release|Win32.Build.0 = Release|Win32
		{3918E6E0-AB3C-4A77-AC60-13AB718DCC1F}.Debug|Win32.ActiveCfg = Debug|Win32
		{3918E6E0-AB3C-4A77-AC60-13AB718DCC1F}.Debug|Win32.Build.0 = Debug|Win32
		{3918E6E0-AB3C-4A77-AC60-13AB718DCC1F}.GLDebug|Win32.ActiveCfg = Debug|Win32
		{3918E6E0-AB3C-4A77-AC60-13AB718DCC1F}.GLDebug|Win32.Build.0 = Debug|Win32
		{3918E6E0-AB3C-4A77-AC60-13AB718DCC1F}.GLRelease|Win32.ActiveCfg = Release|Win32
		{3918E6E0-AB3C-4A77-AC60-13AB718DCC1F}.GLRelease|Win32.Build.0 = Release|Win32
		{3918E6E0-AB3C-4A77-AC60-13AB718DCC1F}.Release|Win32.ActiveCfg = Release|Win32
		{3918E6E0-AB3C-4A77-AC60-13AB718DCC1F}.Release|Win32.Build.0 = Release|Win32
	EndGlobalSection
	GlobalSection(SolutionProperties) = preSolution
		HideSolutionNode = FALSE
	EndGlobalSection
EndGlobal
