<?xml version="1.0" encoding="utf-8"?>
<Project ToolsVersion="4.0" xmlns="http://schemas.microsoft.com/developer/msbuild/2003">
  <ItemGroup>
    <Filter Include="Source Files">
      <UniqueIdentifier>{4FC737F1-C7A5-4376-A066-2A32D752A2FF}</UniqueIdentifier>
      <Extensions>cpp;c;cc;cxx;def;odl;idl;hpj;bat;asm;asmx</Extensions>
    </Filter>
    <Filter Include="Header Files">
      <UniqueIdentifier>{93995380-89BD-4b04-88EB-625FBE52EBFB}</UniqueIdentifier>
      <Extensions>h;hpp;hxx;hm;inl;inc;xsd</Extensions>
    </Filter>
    <Filter Include="Resource Files">
      <UniqueIdentifier>{67DA6AB6-F800-4c08-8B7A-83BB121AAD01}</UniqueIdentifier>
      <Extensions>rc;ico;cur;bmp;dlg;rc2;rct;bin;rgs;gif;jpg;jpeg;jpe;resx;tiff;tif;png;wav;mfcribbon-ms</Extensions>
    </Filter>
    <Filter Include="Source Files\clip map">
      <UniqueIdentifier>{1e353581-47bf-4d71-bab2-54984f63d2e7}</UniqueIdentifier>
    </Filter>
    <Filter Include="Source Files\clip map\bsp29">
      <UniqueIdentifier>{80fa1f77-08f3-4bc3-8113-fd7967231eaf}</UniqueIdentifier>
    </Filter>
    <Filter Include="Source Files\clip map\bsp38">
      <UniqueIdentifier>{f166811a-9b75-47a7-b4de-417a9019f159}</UniqueIdentifier>
    </Filter>
    <Filter Include="Source Files\clip map\bsp46">
      <UniqueIdentifier>{45b1dcb8-dbfe-4622-a560-38c353672cae}</UniqueIdentifier>
    </Filter>
  </ItemGroup>
  <ItemGroup>
    <ClCompile Include="..\core\strings.cpp">
      <Filter>Source Files</Filter>
    </ClCompile>
    <ClCompile Include="..\core\memory.cpp">
      <Filter>Source Files</Filter>
    </ClCompile>
    <ClCompile Include="..\core\info_string.cpp">
      <Filter>Source Files</Filter>
    </ClCompile>
    <ClCompile Include="..\core\common_defs.cpp">
      <Filter>Source Files</Filter>
    </ClCompile>
    <ClCompile Include="..\core\endian.cpp">
      <Filter>Source Files</Filter>
    </ClCompile>
    <ClCompile Include="..\core\md4.cpp">
      <Filter>Source Files</Filter>
    </ClCompile>
    <ClCompile Include="..\core\exception.cpp">
      <Filter>Source Files</Filter>
    </ClCompile>
    <ClCompile Include="..\core\log.cpp">
      <Filter>Source Files</Filter>
    </ClCompile>
    <ClCompile Include="..\core\Common.cpp">
      <Filter>Source Files</Filter>
    </ClCompile>
    <ClCompile Include="..\core\crc.cpp">
      <Filter>Source Files</Filter>
    </ClCompile>
    <ClCompile Include="..\core\system_windows.cpp">
      <Filter>Source Files</Filter>
    </ClCompile>
    <ClCompile Include="..\core\files.cpp">
      <Filter>Source Files</Filter>
    </ClCompile>
    <ClCompile Include="..\core\command_buffer.cpp">
      <Filter>Source Files</Filter>
    </ClCompile>
    <ClCompile Include="..\core\console_variable.cpp">
      <Filter>Source Files</Filter>
    </ClCompile>
    <ClCompile Include="..\core\unzip.cpp">
      <Filter>Source Files</Filter>
    </ClCompile>
    <ClCompile Include="..\core\event_queue.cpp">
      <Filter>Source Files</Filter>
    </ClCompile>
    <ClCompile Include="..\core\system_console_windows.cpp">
      <Filter>Source Files</Filter>
    </ClCompile>
    <ClCompile Include="..\core\clip_map\main.cpp">
      <Filter>Source Files\clip map</Filter>
    </ClCompile>
    <ClCompile Include="..\core\clip_map\non_map.cpp">
      <Filter>Source Files\clip map</Filter>
    </ClCompile>
    <ClCompile Include="..\core\clip_map\bsp29\load.cpp">
      <Filter>Source Files\clip map\bsp29</Filter>
    </ClCompile>
    <ClCompile Include="..\core\clip_map\bsp29\main.cpp">
      <Filter>Source Files\clip map\bsp29</Filter>
    </ClCompile>
    <ClCompile Include="..\core\clip_map\bsp29\test.cpp">
      <Filter>Source Files\clip map\bsp29</Filter>
    </ClCompile>
    <ClCompile Include="..\core\clip_map\bsp29\trace.cpp">
      <Filter>Source Files\clip map\bsp29</Filter>
    </ClCompile>
    <ClCompile Include="..\core\clip_map\bsp38\load.cpp">
      <Filter>Source Files\clip map\bsp38</Filter>
    </ClCompile>
    <ClCompile Include="..\core\clip_map\bsp38\main.cpp">
      <Filter>Source Files\clip map\bsp38</Filter>
    </ClCompile>
    <ClCompile Include="..\core\clip_map\bsp38\test.cpp">
      <Filter>Source Files\clip map\bsp38</Filter>
    </ClCompile>
    <ClCompile Include="..\core\clip_map\bsp38\trace.cpp">
      <Filter>Source Files\clip map\bsp38</Filter>
    </ClCompile>
    <ClCompile Include="..\core\clip_map\bsp46\load.cpp">
      <Filter>Source Files\clip map\bsp46</Filter>
    </ClCompile>
    <ClCompile Include="..\core\clip_map\bsp46\main.cpp">
      <Filter>Source Files\clip map\bsp46</Filter>
    </ClCompile>
    <ClCompile Include="..\core\clip_map\bsp46\patch.cpp">
      <Filter>Source Files\clip map\bsp46</Filter>
    </ClCompile>
    <ClCompile Include="..\core\clip_map\bsp46\polylib.cpp">
      <Filter>Source Files\clip map\bsp46</Filter>
    </ClCompile>
    <ClCompile Include="..\core\clip_map\bsp46\test.cpp">
      <Filter>Source Files\clip map\bsp46</Filter>
    </ClCompile>
    <ClCompile Include="..\core\clip_map\bsp46\trace.cpp">
      <Filter>Source Files\clip map\bsp46</Filter>
    </ClCompile>
    <ClCompile Include="..\core\mathlib.cpp">
      <Filter>Source Files</Filter>
    </ClCompile>
    <ClCompile Include="..\core\message.cpp">
      <Filter>Source Files</Filter>
    </ClCompile>
    <ClCompile Include="..\core\huffman.cpp">
      <Filter>Source Files</Filter>
    </ClCompile>
    <ClCompile Include="socket.cpp">
      <Filter>Source Files</Filter>
    </ClCompile>
    <ClCompile Include="socket_windows.cpp">
      <Filter>Source Files</Filter>
    </ClCompile>
  </ItemGroup>
  <ItemGroup>
    <ClInclude Include="..\core\clip_map\local.h">
      <Filter>Source Files\clip map</Filter>
    </ClInclude>
    <ClInclude Include="..\core\clip_map\public.h">
      <Filter>Source Files\clip map</Filter>
    </ClInclude>
    <ClInclude Include="..\core\clip_map\bsp29\local.h">
      <Filter>Source Files\clip map\bsp29</Filter>
    </ClInclude>
    <ClInclude Include="..\core\clip_map\bsp38\local.h">
      <Filter>Source Files\clip map\bsp38</Filter>
    </ClInclude>
    <ClInclude Include="..\core\clip_map\bsp46\local.h">
      <Filter>Source Files\clip map\bsp46</Filter>
    </ClInclude>
  </ItemGroup>
</Project>