
Microsoft Visual Studio Solution File, Format Version 10.00
# Visual Studio 2008
Project("{8BC9CEB8-8B4A-11D0-8D11-00A0C91BC942}") = "ctf", "ctf\ctf.vcproj", "{66571990-62A1-45A5-9832-1AA6A302BE6B}"
EndProject
Project("{8BC9CEB8-8B4A-11D0-8D11-00A0C91BC942}") = "game", "game\game.vcproj", "{17A995DA-A2BD-4EA5-9A01-8B66B134F4C0}"
EndProject
Project("{8BC9CEB8-8B4A-11D0-8D11-00A0C91BC942}") = "quake2", "quake2.vcproj", "{962B0AFF-71F1-42FA-BD82-C30D155709D4}"
EndProject
Project("{8BC9CEB8-8B4A-11D0-8D11-00A0C91BC942}") = "ref_gl", "ref_gl\ref_gl.vcproj", "{0CBC8DE0-B765-4BB6-A1BC-894794119CA5}"
EndProject
Global
	GlobalSection(SolutionConfigurationPlatforms) = preSolution
		Debug|Win32 = Debug|Win32
		Release|Win32 = Release|Win32
	EndGlobalSection
	GlobalSection(ProjectConfigurationPlatforms) = postSolution
		{66571990-62A1-45A5-9832-1AA6A302BE6B}.Debug|Win32.ActiveCfg = Debug|Win32
		{66571990-62A1-45A5-9832-1AA6A302BE6B}.Debug|Win32.Build.0 = Debug|Win32
		{66571990-62A1-45A5-9832-1AA6A302BE6B}.Release|Win32.ActiveCfg = Release|Win32
		{66571990-62A1-45A5-9832-1AA6A302BE6B}.Release|Win32.Build.0 = Release|Win32
		{17A995DA-A2BD-4EA5-9A01-8B66B134F4C0}.Debug|Win32.ActiveCfg = Debug|Win32
		{17A995DA-A2BD-4EA5-9A01-8B66B134F4C0}.Debug|Win32.Build.0 = Debug|Win32
		{17A995DA-A2BD-4EA5-9A01-8B66B134F4C0}.Release|Win32.ActiveCfg = Release|Win32
		{17A995DA-A2BD-4EA5-9A01-8B66B134F4C0}.Release|Win32.Build.0 = Release|Win32
		{962B0AFF-71F1-42FA-BD82-C30D155709D4}.Debug|Win32.ActiveCfg = Debug|Win32
		{962B0AFF-71F1-42FA-BD82-C30D155709D4}.Debug|Win32.Build.0 = Debug|Win32
		{962B0AFF-71F1-42FA-BD82-C30D155709D4}.Release|Win32.ActiveCfg = Release|Win32
		{962B0AFF-71F1-42FA-BD82-C30D155709D4}.Release|Win32.Build.0 = Release|Win32
		{0CBC8DE0-B765-4BB6-A1BC-894794119CA5}.Debug|Win32.ActiveCfg = Debug|Win32
		{0CBC8DE0-B765-4BB6-A1BC-894794119CA5}.Debug|Win32.Build.0 = Debug|Win32
		{0CBC8DE0-B765-4BB6-A1BC-894794119CA5}.Release|Win32.ActiveCfg = Release|Win32
		{0CBC8DE0-B765-4BB6-A1BC-894794119CA5}.Release|Win32.Build.0 = Release|Win32
	EndGlobalSection
	GlobalSection(SolutionProperties) = preSolution
		HideSolutionNode = FALSE
	EndGlobalSection
EndGlobal
