Microsoft Visual Studio Solution File, Format Version 11.00
# Visual Studio 2010
Project("{8BC9CEB8-8B4A-11D0-8D11-00A0C91BC942}") = "Splines-et", "splines\Splines-et.vcxproj", "{0C24E6E9-2B9F-43AE-ADB7-B7693966F41E}"
EndProject
Project("{8BC9CEB8-8B4A-11D0-8D11-00A0C91BC942}") = "botlib-et", "botlib\botlib-et.vcxproj", "{EFA65954-05A8-43C4-B4FE-FAFE8E678AB7}"
EndProject
Project("{8BC9CEB8-8B4A-11D0-8D11-00A0C91BC942}") = "renderer-et", "renderer\renderer-et.vcxproj", "{7906CC4F-E230-4049-A3EF-EA7F64E73DDE}"
EndProject
Project("{8BC9CEB8-8B4A-11D0-8D11-00A0C91BC942}") = "jlet", "jlet.vcxproj", "{B604B554-38D6-4BC8-9F7F-D6BC8719A653}"
EndProject
Project("{8BC9CEB8-8B4A-11D0-8D11-00A0C91BC942}") = "jletded", "jletded.vcxproj", "{E3B59B92-20E3-485F-BE30-B15E2FAC5E3C}"
EndProject
Global
	GlobalSection(SolutionConfigurationPlatforms) = preSolution
		Debug|Win32 = Debug|Win32
		Release|Win32 = Release|Win32
	EndGlobalSection
	GlobalSection(ProjectConfigurationPlatforms) = postSolution
		{0C24E6E9-2B9F-43AE-ADB7-B7693966F41E}.Debug|Win32.ActiveCfg = Debug|Win32
		{0C24E6E9-2B9F-43AE-ADB7-B7693966F41E}.Debug|Win32.Build.0 = Debug|Win32
		{0C24E6E9-2B9F-43AE-ADB7-B7693966F41E}.Release|Win32.ActiveCfg = Release|Win32
		{0C24E6E9-2B9F-43AE-ADB7-B7693966F41E}.Release|Win32.Build.0 = Release|Win32
		{EFA65954-05A8-43C4-B4FE-FAFE8E678AB7}.Debug|Win32.ActiveCfg = Debug|Win32
		{EFA65954-05A8-43C4-B4FE-FAFE8E678AB7}.Debug|Win32.Build.0 = Debug|Win32
		{EFA65954-05A8-43C4-B4FE-FAFE8E678AB7}.Release|Win32.ActiveCfg = Release|Win32
		{EFA65954-05A8-43C4-B4FE-FAFE8E678AB7}.Release|Win32.Build.0 = Release|Win32
		{7906CC4F-E230-4049-A3EF-EA7F64E73DDE}.Debug|Win32.ActiveCfg = Debug|Win32
		{7906CC4F-E230-4049-A3EF-EA7F64E73DDE}.Debug|Win32.Build.0 = Debug|Win32
		{7906CC4F-E230-4049-A3EF-EA7F64E73DDE}.Release|Win32.ActiveCfg = Release|Win32
		{7906CC4F-E230-4049-A3EF-EA7F64E73DDE}.Release|Win32.Build.0 = Release|Win32
		{B604B554-38D6-4BC8-9F7F-D6BC8719A653}.Debug|Win32.ActiveCfg = Debug|Win32
		{B604B554-38D6-4BC8-9F7F-D6BC8719A653}.Debug|Win32.Build.0 = Debug|Win32
		{B604B554-38D6-4BC8-9F7F-D6BC8719A653}.Release|Win32.ActiveCfg = Release|Win32
		{B604B554-38D6-4BC8-9F7F-D6BC8719A653}.Release|Win32.Build.0 = Release|Win32
		{E3B59B92-20E3-485F-BE30-B15E2FAC5E3C}.Debug|Win32.ActiveCfg = Debug|Win32
		{E3B59B92-20E3-485F-BE30-B15E2FAC5E3C}.Debug|Win32.Build.0 = Debug|Win32
		{E3B59B92-20E3-485F-BE30-B15E2FAC5E3C}.Release|Win32.ActiveCfg = Release|Win32
		{E3B59B92-20E3-485F-BE30-B15E2FAC5E3C}.Release|Win32.Build.0 = Release|Win32
	EndGlobalSection
	GlobalSection(SolutionProperties) = preSolution
		HideSolutionNode = FALSE
	EndGlobalSection
EndGlobal
