
Microsoft Visual Studio Solution File, Format Version 10.00
# Visual Studio 2008
Project("{8BC9CEB8-8B4A-11D0-8D11-00A0C91BC942}") = "gas2masm", "gas2masm\gas2masm.vcproj", "{60D6D213-70FD-43FC-9CEC-CC02948DDC98}"
EndProject
Project("{8BC9CEB8-8B4A-11D0-8D11-00A0C91BC942}") = "qwcl", "client\qwcl.vcproj", "{D4534779-D8AA-4694-8119-7A899AEFA0F3}"
	ProjectSection(ProjectDependencies) = postProject
		{60D6D213-70FD-43FC-9CEC-CC02948DDC98} = {60D6D213-70FD-43FC-9CEC-CC02948DDC98}
	EndProjectSection
EndProject
Project("{8BC9CEB8-8B4A-11D0-8D11-00A0C91BC942}") = "qwsv", "server\qwsv.vcproj", "{9083E67D-9909-407C-ABE1-441C5B45C8C6}"
EndProject
Global
	GlobalSection(SolutionConfigurationPlatforms) = preSolution
		Debug|Win32 = Debug|Win32
		Release|Win32 = Release|Win32
	EndGlobalSection
	GlobalSection(ProjectConfigurationPlatforms) = postSolution
		{60D6D213-70FD-43FC-9CEC-CC02948DDC98}.Debug|Win32.ActiveCfg = Debug|Win32
		{60D6D213-70FD-43FC-9CEC-CC02948DDC98}.Debug|Win32.Build.0 = Debug|Win32
		{60D6D213-70FD-43FC-9CEC-CC02948DDC98}.Release|Win32.ActiveCfg = Release|Win32
		{60D6D213-70FD-43FC-9CEC-CC02948DDC98}.Release|Win32.Build.0 = Release|Win32
		{D4534779-D8AA-4694-8119-7A899AEFA0F3}.Debug|Win32.ActiveCfg = Debug|Win32
		{D4534779-D8AA-4694-8119-7A899AEFA0F3}.Debug|Win32.Build.0 = Debug|Win32
		{D4534779-D8AA-4694-8119-7A899AEFA0F3}.Release|Win32.ActiveCfg = Release|Win32
		{D4534779-D8AA-4694-8119-7A899AEFA0F3}.Release|Win32.Build.0 = Release|Win32
		{9083E67D-9909-407C-ABE1-441C5B45C8C6}.Debug|Win32.ActiveCfg = Debug|Win32
		{9083E67D-9909-407C-ABE1-441C5B45C8C6}.Debug|Win32.Build.0 = Debug|Win32
		{9083E67D-9909-407C-ABE1-441C5B45C8C6}.Release|Win32.ActiveCfg = Release|Win32
		{9083E67D-9909-407C-ABE1-441C5B45C8C6}.Release|Win32.Build.0 = Release|Win32
	EndGlobalSection
	GlobalSection(SolutionProperties) = preSolution
		HideSolutionNode = FALSE
	EndGlobalSection
EndGlobal
