
Microsoft Visual Studio Solution File, Format Version 11.00
# Visual Studio 2010
Project("{8BC9CEB8-8B4A-11D0-8D11-00A0C91BC942}") = "Splines", "splines\Splines.vcxproj", "{AA96579B-0F16-4614-8453-0B03C8B39A46}"
EndProject
Project("{8BC9CEB8-8B4A-11D0-8D11-00A0C91BC942}") = "botlib", "botlib\botlib.vcxproj", "{86691FDD-E0C6-4D71-9FFD-E0F30F19AA3E}"
EndProject
Project("{8BC9CEB8-8B4A-11D0-8D11-00A0C91BC942}") = "renderer", "renderer\renderer.vcxproj", "{F45A4F73-0EA1-4EB2-9829-154964ADEC6A}"
EndProject
Project("{8BC9CEB8-8B4A-11D0-8D11-00A0C91BC942}") = "wolf", "wolf.vcxproj", "{47CCBCAD-2A5C-4A70-8504-371F2EC29CBE}"
EndProject
Global
	GlobalSection(SolutionConfigurationPlatforms) = preSolution
		Debug|Win32 = Debug|Win32
		Release|Win32 = Release|Win32
	EndGlobalSection
	GlobalSection(ProjectConfigurationPlatforms) = postSolution
		{AA96579B-0F16-4614-8453-0B03C8B39A46}.Debug|Win32.ActiveCfg = Debug|Win32
		{AA96579B-0F16-4614-8453-0B03C8B39A46}.Debug|Win32.Build.0 = Debug|Win32
		{AA96579B-0F16-4614-8453-0B03C8B39A46}.Release|Win32.ActiveCfg = Release|Win32
		{AA96579B-0F16-4614-8453-0B03C8B39A46}.Release|Win32.Build.0 = Release|Win32
		{86691FDD-E0C6-4D71-9FFD-E0F30F19AA3E}.Debug|Win32.ActiveCfg = Debug|Win32
		{86691FDD-E0C6-4D71-9FFD-E0F30F19AA3E}.Debug|Win32.Build.0 = Debug|Win32
		{86691FDD-E0C6-4D71-9FFD-E0F30F19AA3E}.Release|Win32.ActiveCfg = Release|Win32
		{86691FDD-E0C6-4D71-9FFD-E0F30F19AA3E}.Release|Win32.Build.0 = Release|Win32
		{F45A4F73-0EA1-4EB2-9829-154964ADEC6A}.Debug|Win32.ActiveCfg = Debug|Win32
		{F45A4F73-0EA1-4EB2-9829-154964ADEC6A}.Debug|Win32.Build.0 = Debug|Win32
		{F45A4F73-0EA1-4EB2-9829-154964ADEC6A}.Release|Win32.ActiveCfg = Release|Win32
		{F45A4F73-0EA1-4EB2-9829-154964ADEC6A}.Release|Win32.Build.0 = Release|Win32
		{47CCBCAD-2A5C-4A70-8504-371F2EC29CBE}.Debug|Win32.ActiveCfg = Debug|Win32
		{47CCBCAD-2A5C-4A70-8504-371F2EC29CBE}.Debug|Win32.Build.0 = Debug|Win32
		{47CCBCAD-2A5C-4A70-8504-371F2EC29CBE}.Release|Win32.ActiveCfg = Release|Win32
		{47CCBCAD-2A5C-4A70-8504-371F2EC29CBE}.Release|Win32.Build.0 = Release|Win32
	EndGlobalSection
	GlobalSection(SolutionProperties) = preSolution
		HideSolutionNode = FALSE
	EndGlobalSection
EndGlobal
