<?xml version="1.0" encoding="utf-8"?>
<Project ToolsVersion="4.0" xmlns="http://schemas.microsoft.com/developer/msbuild/2003">
  <ItemGroup>
    <Filter Include="Source Files">
      <UniqueIdentifier>{f6eb91e3-46d5-4357-a47f-9d4a4fc46edf}</UniqueIdentifier>
      <Extensions>cpp;c;cxx;rc;def;r;odl;hpj;bat;for;f90</Extensions>
    </Filter>
    <Filter Include="Header Files">
      <UniqueIdentifier>{9ca86831-f663-4de2-bab0-dcdd1d0cface}</UniqueIdentifier>
      <Extensions>h;hpp;hxx;hm;inl;fi;fd</Extensions>
    </Filter>
    <Filter Include="Resources">
      <UniqueIdentifier>{42326930-3d8f-4a90-8209-58c9cb9d4e33}</UniqueIdentifier>
      <Extensions>*.rc</Extensions>
    </Filter>
  </ItemGroup>
  <ItemGroup>
    <ClCompile Include="cl_demo.cpp">
      <Filter>Source Files</Filter>
    </ClCompile>
    <ClCompile Include="cl_draw.cpp">
      <Filter>Source Files</Filter>
    </ClCompile>
    <ClCompile Include="cl_input.cpp">
      <Filter>Source Files</Filter>
    </ClCompile>
    <ClCompile Include="cl_main.cpp">
      <Filter>Source Files</Filter>
    </ClCompile>
    <ClCompile Include="cl_parse.cpp">
      <Filter>Source Files</Filter>
    </ClCompile>
    <ClCompile Include="cl_screen.cpp">
      <Filter>Source Files</Filter>
    </ClCompile>
    <ClCompile Include="cmd.cpp">
      <Filter>Source Files</Filter>
    </ClCompile>
    <ClCompile Include="common.cpp">
      <Filter>Source Files</Filter>
    </ClCompile>
    <ClCompile Include="console.cpp">
      <Filter>Source Files</Filter>
    </ClCompile>
    <ClCompile Include="cvar.cpp">
      <Filter>Source Files</Filter>
    </ClCompile>
    <ClCompile Include="host.cpp">
      <Filter>Source Files</Filter>
    </ClCompile>
    <ClCompile Include="host_cmd.cpp">
      <Filter>Source Files</Filter>
    </ClCompile>
    <ClCompile Include="keys.cpp">
      <Filter>Source Files</Filter>
    </ClCompile>
    <ClCompile Include="menu.cpp">
      <Filter>Source Files</Filter>
    </ClCompile>
    <ClCompile Include="net_main.cpp">
      <Filter>Source Files</Filter>
    </ClCompile>
    <ClCompile Include="r_part.cpp">
      <Filter>Source Files</Filter>
    </ClCompile>
    <ClCompile Include="sbar.cpp">
      <Filter>Source Files</Filter>
    </ClCompile>
    <ClCompile Include="snd_dma.cpp">
      <Filter>Source Files</Filter>
    </ClCompile>
    <ClCompile Include="sys_win.cpp">
      <Filter>Source Files</Filter>
    </ClCompile>
    <ClCompile Include="view.cpp">
      <Filter>Source Files</Filter>
    </ClCompile>
  </ItemGroup>
  <ItemGroup>
    <None Include="qe3.ico">
      <Filter>Resources</Filter>
    </None>
  </ItemGroup>
  <ItemGroup>
    <ClInclude Include="cl_effect.h">
      <Filter>Header Files</Filter>
    </ClInclude>
    <ClInclude Include="Client.h">
      <Filter>Header Files</Filter>
    </ClInclude>
    <ClInclude Include="Cmd.h">
      <Filter>Header Files</Filter>
    </ClInclude>
    <ClInclude Include="Common.h">
      <Filter>Header Files</Filter>
    </ClInclude>
    <ClInclude Include="Console.h">
      <Filter>Header Files</Filter>
    </ClInclude>
    <ClInclude Include="Draw.h">
      <Filter>Header Files</Filter>
    </ClInclude>
    <ClInclude Include="glquake.h">
      <Filter>Header Files</Filter>
    </ClInclude>
    <ClInclude Include="Keys.h">
      <Filter>Header Files</Filter>
    </ClInclude>
    <ClInclude Include="Menu.h">
      <Filter>Header Files</Filter>
    </ClInclude>
    <ClInclude Include="Net.h">
      <Filter>Header Files</Filter>
    </ClInclude>
    <ClInclude Include="Net_dgrm.h">
      <Filter>Header Files</Filter>
    </ClInclude>
    <ClInclude Include="Net_loop.h">
      <Filter>Header Files</Filter>
    </ClInclude>
    <ClInclude Include="Pr_comp.h">
      <Filter>Header Files</Filter>
    </ClInclude>
    <ClInclude Include="progdefs.h">
      <Filter>Header Files</Filter>
    </ClInclude>
    <ClInclude Include="Progs.h">
      <Filter>Header Files</Filter>
    </ClInclude>
    <ClInclude Include="Protocol.h">
      <Filter>Header Files</Filter>
    </ClInclude>
    <ClInclude Include="Quakedef.h">
      <Filter>Header Files</Filter>
    </ClInclude>
    <ClInclude Include="R_local.h">
      <Filter>Header Files</Filter>
    </ClInclude>
    <ClInclude Include="Render.h">
      <Filter>Header Files</Filter>
    </ClInclude>
    <ClInclude Include="Sbar.h">
      <Filter>Header Files</Filter>
    </ClInclude>
    <ClInclude Include="Screen.h">
      <Filter>Header Files</Filter>
    </ClInclude>
    <ClInclude Include="Server.h">
      <Filter>Header Files</Filter>
    </ClInclude>
    <ClInclude Include="Sys.h">
      <Filter>Header Files</Filter>
    </ClInclude>
    <ClInclude Include="Vid.h">
      <Filter>Header Files</Filter>
    </ClInclude>
    <ClInclude Include="View.h">
      <Filter>Header Files</Filter>
    </ClInclude>
    <ClInclude Include="Winquake.h">
      <Filter>Header Files</Filter>
    </ClInclude>
    <ClInclude Include="World.h">
      <Filter>Header Files</Filter>
    </ClInclude>
    <ClInclude Include="Zone.h">
      <Filter>Header Files</Filter>
    </ClInclude>
    <ClInclude Include="Resource.h">
      <Filter>Resources</Filter>
    </ClInclude>
  </ItemGroup>
  <ItemGroup>
    <ResourceCompile Include="winquake.rc">
      <Filter>Resources</Filter>
    </ResourceCompile>
  </ItemGroup>
  <ItemGroup>
    <CustomBuild Include="ftol.asm">
      <Filter>Source Files</Filter>
    </CustomBuild>
  </ItemGroup>
</Project>