
Microsoft Visual Studio Solution File, Format Version 10.00
# Visual Studio 2008
Project("{8BC9CEB8-8B4A-11D0-8D11-00A0C91BC942}") = "HCode", "HCode\HCode.vcproj", "{46D0965D-DCCA-49D1-AB0F-DDA8A7F90EE8}"
EndProject
Project("{8BC9CEB8-8B4A-11D0-8D11-00A0C91BC942}") = "winquake", "Winquake.vcproj", "{0BFA9E1B-695A-485F-916D-86A4A0B5E9D9}"
	ProjectSection(ProjectDependencies) = postProject
		{46D0965D-DCCA-49D1-AB0F-DDA8A7F90EE8} = {46D0965D-DCCA-49D1-AB0F-DDA8A7F90EE8}
	EndProjectSection
EndProject
Global
	GlobalSection(SolutionConfigurationPlatforms) = preSolution
		Debug|Win32 = Debug|Win32
		GL Debug|Win32 = GL Debug|Win32
		GL Release PR|Win32 = GL Release PR|Win32
		GL Release|Win32 = GL Release|Win32
		Release PR|Win32 = Release PR|Win32
		Release|Win32 = Release|Win32
	EndGlobalSection
	GlobalSection(ProjectConfigurationPlatforms) = postSolution
		{46D0965D-DCCA-49D1-AB0F-DDA8A7F90EE8}.Debug|Win32.ActiveCfg = Release|Win32
		{46D0965D-DCCA-49D1-AB0F-DDA8A7F90EE8}.Debug|Win32.Build.0 = Release|Win32
		{46D0965D-DCCA-49D1-AB0F-DDA8A7F90EE8}.GL Debug|Win32.ActiveCfg = Release|Win32
		{46D0965D-DCCA-49D1-AB0F-DDA8A7F90EE8}.GL Debug|Win32.Build.0 = Release|Win32
		{46D0965D-DCCA-49D1-AB0F-DDA8A7F90EE8}.GL Release PR|Win32.ActiveCfg = Release|Win32
		{46D0965D-DCCA-49D1-AB0F-DDA8A7F90EE8}.GL Release PR|Win32.Build.0 = Release|Win32
		{46D0965D-DCCA-49D1-AB0F-DDA8A7F90EE8}.GL Release|Win32.ActiveCfg = Release|Win32
		{46D0965D-DCCA-49D1-AB0F-DDA8A7F90EE8}.GL Release|Win32.Build.0 = Release|Win32
		{46D0965D-DCCA-49D1-AB0F-DDA8A7F90EE8}.Release PR|Win32.ActiveCfg = Release|Win32
		{46D0965D-DCCA-49D1-AB0F-DDA8A7F90EE8}.Release PR|Win32.Build.0 = Release|Win32
		{46D0965D-DCCA-49D1-AB0F-DDA8A7F90EE8}.Release|Win32.ActiveCfg = Release|Win32
		{46D0965D-DCCA-49D1-AB0F-DDA8A7F90EE8}.Release|Win32.Build.0 = Release|Win32
		{0BFA9E1B-695A-485F-916D-86A4A0B5E9D9}.Debug|Win32.ActiveCfg = Debug|Win32
		{0BFA9E1B-695A-485F-916D-86A4A0B5E9D9}.Debug|Win32.Build.0 = Debug|Win32
		{0BFA9E1B-695A-485F-916D-86A4A0B5E9D9}.GL Debug|Win32.ActiveCfg = GL Debug|Win32
		{0BFA9E1B-695A-485F-916D-86A4A0B5E9D9}.GL Debug|Win32.Build.0 = GL Debug|Win32
		{0BFA9E1B-695A-485F-916D-86A4A0B5E9D9}.GL Release PR|Win32.ActiveCfg = GL Release PR|Win32
		{0BFA9E1B-695A-485F-916D-86A4A0B5E9D9}.GL Release PR|Win32.Build.0 = GL Release PR|Win32
		{0BFA9E1B-695A-485F-916D-86A4A0B5E9D9}.GL Release|Win32.ActiveCfg = GL Release|Win32
		{0BFA9E1B-695A-485F-916D-86A4A0B5E9D9}.GL Release|Win32.Build.0 = GL Release|Win32
		{0BFA9E1B-695A-485F-916D-86A4A0B5E9D9}.Release PR|Win32.ActiveCfg = Release PR|Win32
		{0BFA9E1B-695A-485F-916D-86A4A0B5E9D9}.Release PR|Win32.Build.0 = Release PR|Win32
		{0BFA9E1B-695A-485F-916D-86A4A0B5E9D9}.Release|Win32.ActiveCfg = Release|Win32
		{0BFA9E1B-695A-485F-916D-86A4A0B5E9D9}.Release|Win32.Build.0 = Release|Win32
	EndGlobalSection
	GlobalSection(SolutionProperties) = preSolution
		HideSolutionNode = FALSE
	EndGlobalSection
EndGlobal
